// !$*UTF8*$!
{
	archiveVersion = 1;
	classes = {
	};
	objectVersion = 48;
	objects = {

/* Begin PBXBuildFile section */
		1D1F68237E5E64E78E73F63F /* Pods_Map_Geofencing.framework in Frameworks */ = {isa = PBXBuildFile; fileRef = 65F36ABD82180BD41EF261F0 /* Pods_Map_Geofencing.framework */; };
		A6893DBF9F5B0A909DB4DEE8 /* Pods_Map_GeofencingUITests.framework in Frameworks */ = {isa = PBXBuildFile; fileRef = F1E9AB2DDFEFA690E49873C7 /* Pods_Map_GeofencingUITests.framework */; };
		B29631AB9BDD8D884673B131 /* Pods_Map_GeofencingTests.framework in Frameworks */ = {isa = PBXBuildFile; fileRef = 4386CD60F05D9B535BF5F0D7 /* Pods_Map_GeofencingTests.framework */; };
		CF369D261FE0A8B10064E251 /* HeaderView.swift in Sources */ = {isa = PBXBuildFile; fileRef = CF369D251FE0A8B10064E251 /* HeaderView.swift */; };
		CF369D2A1FE0A9630064E251 /* HeaderView.xib in Resources */ = {isa = PBXBuildFile; fileRef = CF369D291FE0A9630064E251 /* HeaderView.xib */; };
		CF4D1C292026AE0C000512E9 /* Constants.swift in Sources */ = {isa = PBXBuildFile; fileRef = CF4D1C282026AE0C000512E9 /* Constants.swift */; };
		CF4D1C2B2026AE4F000512E9 /* Contentful.swift in Sources */ = {isa = PBXBuildFile; fileRef = CF4D1C2A2026AE4F000512E9 /* Contentful.swift */; };
		CF4FB23A1FCE545E00CC885E /* SFBG.xcdatamodeld in Sources */ = {isa = PBXBuildFile; fileRef = CF4FB2381FCE545E00CC885E /* SFBG.xcdatamodeld */; };
		CF4FB23C1FCE9E9A00CC885E /* FavoriteViewController.swift in Sources */ = {isa = PBXBuildFile; fileRef = CF4FB23B1FCE9E9A00CC885E /* FavoriteViewController.swift */; };
		CF4FB23E1FCE9EF000CC885E /* ProfileViewController.swift in Sources */ = {isa = PBXBuildFile; fileRef = CF4FB23D1FCE9EF000CC885E /* ProfileViewController.swift */; };
		CF4FB2421FCFB48D00CC885E /* seed.json in Resources */ = {isa = PBXBuildFile; fileRef = CF4FB2411FCFB48D00CC885E /* seed.json */; };
		CF4FB2501FD1215D00CC885E /* MapViewController.swift in Sources */ = {isa = PBXBuildFile; fileRef = CF4FB24F1FD1215D00CC885E /* MapViewController.swift */; };
		CF4FB2541FD2816B00CC885E /* FavoriteTableViewCell.swift in Sources */ = {isa = PBXBuildFile; fileRef = CF4FB2531FD2816B00CC885E /* FavoriteTableViewCell.swift */; };
		CF631B9A1FFEC96600A0E6AA /* Utilities.swift in Sources */ = {isa = PBXBuildFile; fileRef = CF631B991FFEC96600A0E6AA /* Utilities.swift */; };
		CF7429091FEB45FE004E26AE /* SignInViewController.swift in Sources */ = {isa = PBXBuildFile; fileRef = CF7429081FEB45FE004E26AE /* SignInViewController.swift */; };
		CF74290C1FEC7135004E26AE /* TabBarController.swift in Sources */ = {isa = PBXBuildFile; fileRef = CF74290B1FEC7135004E26AE /* TabBarController.swift */; };
		CF7429111FECC6BF004E26AE /* GoogleService-Info.plist in Resources */ = {isa = PBXBuildFile; fileRef = CF7429101FECC6BF004E26AE /* GoogleService-Info.plist */; };
		CF745544201A5C1100FEB1F6 /* MapViewControllerExtension.swift in Sources */ = {isa = PBXBuildFile; fileRef = CF745543201A5C1100FEB1F6 /* MapViewControllerExtension.swift */; };
		CF76A1611FA9216000893C65 /* AppDelegate.swift in Sources */ = {isa = PBXBuildFile; fileRef = CF76A1601FA9216000893C65 /* AppDelegate.swift */; };
		CF76A1761FA9216000893C65 /* Map_GeofencingTests.swift in Sources */ = {isa = PBXBuildFile; fileRef = CF76A1751FA9216000893C65 /* Map_GeofencingTests.swift */; };
		CF76A1811FA9216000893C65 /* Map_GeofencingUITests.swift in Sources */ = {isa = PBXBuildFile; fileRef = CF76A1801FA9216000893C65 /* Map_GeofencingUITests.swift */; };
		CF76A1921FA92B7F00893C65 /* Default-568h@2x.png in Resources */ = {isa = PBXBuildFile; fileRef = CF76A1911FA92B7F00893C65 /* Default-568h@2x.png */; };
		CF8A07121FEF680E005F9C19 /* Plant+CoreDataClass.swift in Sources */ = {isa = PBXBuildFile; fileRef = CF8A07101FEF680E005F9C19 /* Plant+CoreDataClass.swift */; };
		CF8A07131FEF680E005F9C19 /* Plant+CoreDataProperties.swift in Sources */ = {isa = PBXBuildFile; fileRef = CF8A07111FEF680E005F9C19 /* Plant+CoreDataProperties.swift */; };
		CF97BEDE1FCDD67500E9931C /* style.json in Resources */ = {isa = PBXBuildFile; fileRef = CF97BEDD1FCDD67500E9931C /* style.json */; };
		CF97BEE21FCDEA7300E9931C /* PlantTableViewController.swift in Sources */ = {isa = PBXBuildFile; fileRef = CF97BEE11FCDEA7300E9931C /* PlantTableViewController.swift */; };
		CF97BEE41FCDEEA000E9931C /* PlantTableViewCell.swift in Sources */ = {isa = PBXBuildFile; fileRef = CF97BEE31FCDEEA000E9931C /* PlantTableViewCell.swift */; };
		CF97BEEA1FCDFFB100E9931C /* DetailViewController.swift in Sources */ = {isa = PBXBuildFile; fileRef = CF97BEE91FCDFFB100E9931C /* DetailViewController.swift */; };
		CFB11DE11FF76588001FBEE6 /* SignInWithEmailViewController.swift in Sources */ = {isa = PBXBuildFile; fileRef = CFB11DE01FF76588001FBEE6 /* SignInWithEmailViewController.swift */; };
		CFB11DE31FF76D2B001FBEE6 /* SignUpWithEmailViewController.swift in Sources */ = {isa = PBXBuildFile; fileRef = CFB11DE21FF76D2B001FBEE6 /* SignUpWithEmailViewController.swift */; };
		CFB4EE0B1FF62BC3003DD45A /* GCDBlackBox.swift in Sources */ = {isa = PBXBuildFile; fileRef = CFB4EE0A1FF62BC3003DD45A /* GCDBlackBox.swift */; };
		CFCA45A5200B376800DAA4EF /* Main.storyboard in Resources */ = {isa = PBXBuildFile; fileRef = CFCA45A4200B376800DAA4EF /* Main.storyboard */; };
		CFCDF1C21FE392B100C15C43 /* ImageStore.swift in Sources */ = {isa = PBXBuildFile; fileRef = CFCDF1C11FE392B100C15C43 /* ImageStore.swift */; };
		CFD109E62051371A00C14FC4 /* Assets.xcassets in Resources */ = {isa = PBXBuildFile; fileRef = CFD109E52051371A00C14FC4 /* Assets.xcassets */; };
		CFD109E820513BA000C14FC4 /* PhotoAlbumViewController.swift in Sources */ = {isa = PBXBuildFile; fileRef = CFD109E720513BA000C14FC4 /* PhotoAlbumViewController.swift */; };
		CFD109EC20514BA500C14FC4 /* FlickrClient.swift in Sources */ = {isa = PBXBuildFile; fileRef = CFD109EB20514BA500C14FC4 /* FlickrClient.swift */; };
		CFD109EF205152D600C14FC4 /* PhotoViewCell.swift in Sources */ = {isa = PBXBuildFile; fileRef = CFD109EE205152D500C14FC4 /* PhotoViewCell.swift */; };
		CFD109F12051BEEF00C14FC4 /* PhotoViewHeaderCell.swift in Sources */ = {isa = PBXBuildFile; fileRef = CFD109F02051BEEE00C14FC4 /* PhotoViewHeaderCell.swift */; };
		CFD10A3920589EDE00C14FC4 /* AudioPlayController.swift in Sources */ = {isa = PBXBuildFile; fileRef = CFD10A3820589EDE00C14FC4 /* AudioPlayController.swift */; };
		CFD3C24D1FD7BAE20084637B /* PhotoStore.swift in Sources */ = {isa = PBXBuildFile; fileRef = CFD3C24C1FD7BAE20084637B /* PhotoStore.swift */; };
		CFD3C2711FDD0C7C0084637B /* PlantNameTableViewCell.swift in Sources */ = {isa = PBXBuildFile; fileRef = CFD3C26F1FDD0C7C0084637B /* PlantNameTableViewCell.swift */; };
		CFD3C2721FDD0C7C0084637B /* PlantNameTableViewCell.xib in Resources */ = {isa = PBXBuildFile; fileRef = CFD3C2701FDD0C7C0084637B /* PlantNameTableViewCell.xib */; };
		CFD3C2751FDD1B970084637B /* PlantPropertiesTableViewCell.swift in Sources */ = {isa = PBXBuildFile; fileRef = CFD3C2731FDD1B970084637B /* PlantPropertiesTableViewCell.swift */; };
		CFD3C2761FDD1B970084637B /* PlantPropertiesTableViewCell.xib in Resources */ = {isa = PBXBuildFile; fileRef = CFD3C2741FDD1B970084637B /* PlantPropertiesTableViewCell.xib */; };
		CFD3C2791FDE3A7A0084637B /* PlantViewModel.swift in Sources */ = {isa = PBXBuildFile; fileRef = CFD3C2781FDE3A7A0084637B /* PlantViewModel.swift */; };
		CFDC058B200C74520024CFE6 /* Appearance.swift in Sources */ = {isa = PBXBuildFile; fileRef = CFDC058A200C74520024CFE6 /* Appearance.swift */; };
		CFDC058D200C9C6C0024CFE6 /* WebViewController.swift in Sources */ = {isa = PBXBuildFile; fileRef = CFDC058C200C9C6C0024CFE6 /* WebViewController.swift */; };
		CFDC0591201130230024CFE6 /* Launch Screen.storyboard in Resources */ = {isa = PBXBuildFile; fileRef = CFDC0590201130230024CFE6 /* Launch Screen.storyboard */; };
		CFE592A81FDF4C9D00F0BBE2 /* User+CoreDataClass.swift in Sources */ = {isa = PBXBuildFile; fileRef = CFE592A21FDF4C9D00F0BBE2 /* User+CoreDataClass.swift */; };
		CFE592A91FDF4C9D00F0BBE2 /* User+CoreDataProperties.swift in Sources */ = {isa = PBXBuildFile; fileRef = CFE592A31FDF4C9D00F0BBE2 /* User+CoreDataProperties.swift */; };
		CFE592AA1FDF4C9D00F0BBE2 /* Photo+CoreDataClass.swift in Sources */ = {isa = PBXBuildFile; fileRef = CFE592A41FDF4C9D00F0BBE2 /* Photo+CoreDataClass.swift */; };
		CFE592AB1FDF4C9D00F0BBE2 /* Photo+CoreDataProperties.swift in Sources */ = {isa = PBXBuildFile; fileRef = CFE592A51FDF4C9D00F0BBE2 /* Photo+CoreDataProperties.swift */; };
/* End PBXBuildFile section */

/* Begin PBXContainerItemProxy section */
		CF76A1721FA9216000893C65 /* PBXContainerItemProxy */ = {
			isa = PBXContainerItemProxy;
			containerPortal = CF76A1551FA9215F00893C65 /* Project object */;
			proxyType = 1;
			remoteGlobalIDString = CF76A15C1FA9216000893C65;
			remoteInfo = Map_Geofencing;
		};
		CF76A17D1FA9216000893C65 /* PBXContainerItemProxy */ = {
			isa = PBXContainerItemProxy;
			containerPortal = CF76A1551FA9215F00893C65 /* Project object */;
			proxyType = 1;
			remoteGlobalIDString = CF76A15C1FA9216000893C65;
			remoteInfo = Map_Geofencing;
		};
/* End PBXContainerItemProxy section */

/* Begin PBXFileReference section */
		16FD2C94326686661685BE8B /* Pods-Map_Geofencing.debug.xcconfig */ = {isa = PBXFileReference; includeInIndex = 1; lastKnownFileType = text.xcconfig; name = "Pods-Map_Geofencing.debug.xcconfig"; path = "Pods/Target Support Files/Pods-Map_Geofencing/Pods-Map_Geofencing.debug.xcconfig"; sourceTree = "<group>"; };
		4386CD60F05D9B535BF5F0D7 /* Pods_Map_GeofencingTests.framework */ = {isa = PBXFileReference; explicitFileType = wrapper.framework; includeInIndex = 0; path = Pods_Map_GeofencingTests.framework; sourceTree = BUILT_PRODUCTS_DIR; };
		65F36ABD82180BD41EF261F0 /* Pods_Map_Geofencing.framework */ = {isa = PBXFileReference; explicitFileType = wrapper.framework; includeInIndex = 0; path = Pods_Map_Geofencing.framework; sourceTree = BUILT_PRODUCTS_DIR; };
		690872664BDE4A5CA6C669D2 /* Pods-Map_GeofencingUITests.debug.xcconfig */ = {isa = PBXFileReference; includeInIndex = 1; lastKnownFileType = text.xcconfig; name = "Pods-Map_GeofencingUITests.debug.xcconfig"; path = "Pods/Target Support Files/Pods-Map_GeofencingUITests/Pods-Map_GeofencingUITests.debug.xcconfig"; sourceTree = "<group>"; };
		7B9B792CAE62441320E0098E /* Pods-Map_GeofencingTests.debug.xcconfig */ = {isa = PBXFileReference; includeInIndex = 1; lastKnownFileType = text.xcconfig; name = "Pods-Map_GeofencingTests.debug.xcconfig"; path = "Pods/Target Support Files/Pods-Map_GeofencingTests/Pods-Map_GeofencingTests.debug.xcconfig"; sourceTree = "<group>"; };
		7F5EFED71ADC3F3A4290E80C /* Pods-Map_GeofencingTests.release.xcconfig */ = {isa = PBXFileReference; includeInIndex = 1; lastKnownFileType = text.xcconfig; name = "Pods-Map_GeofencingTests.release.xcconfig"; path = "Pods/Target Support Files/Pods-Map_GeofencingTests/Pods-Map_GeofencingTests.release.xcconfig"; sourceTree = "<group>"; };
		CF369D251FE0A8B10064E251 /* HeaderView.swift */ = {isa = PBXFileReference; fileEncoding = 4; lastKnownFileType = sourcecode.swift; path = HeaderView.swift; sourceTree = "<group>"; };
		CF369D291FE0A9630064E251 /* HeaderView.xib */ = {isa = PBXFileReference; fileEncoding = 4; lastKnownFileType = file.xib; path = HeaderView.xib; sourceTree = "<group>"; };
		CF4D1C282026AE0C000512E9 /* Constants.swift */ = {isa = PBXFileReference; fileEncoding = 4; lastKnownFileType = sourcecode.swift; path = Constants.swift; sourceTree = "<group>"; };
		CF4D1C2A2026AE4F000512E9 /* Contentful.swift */ = {isa = PBXFileReference; fileEncoding = 4; lastKnownFileType = sourcecode.swift; path = Contentful.swift; sourceTree = "<group>"; };
		CF4FB2391FCE545E00CC885E /* SFBG.xcdatamodel */ = {isa = PBXFileReference; lastKnownFileType = wrapper.xcdatamodel; path = SFBG.xcdatamodel; sourceTree = "<group>"; };
		CF4FB23B1FCE9E9A00CC885E /* FavoriteViewController.swift */ = {isa = PBXFileReference; fileEncoding = 4; lastKnownFileType = sourcecode.swift; path = FavoriteViewController.swift; sourceTree = "<group>"; };
		CF4FB23D1FCE9EF000CC885E /* ProfileViewController.swift */ = {isa = PBXFileReference; fileEncoding = 4; lastKnownFileType = sourcecode.swift; path = ProfileViewController.swift; sourceTree = "<group>"; };
		CF4FB2411FCFB48D00CC885E /* seed.json */ = {isa = PBXFileReference; fileEncoding = 4; lastKnownFileType = text.json; path = seed.json; sourceTree = "<group>"; };
		CF4FB24F1FD1215D00CC885E /* MapViewController.swift */ = {isa = PBXFileReference; fileEncoding = 4; lastKnownFileType = sourcecode.swift; path = MapViewController.swift; sourceTree = "<group>"; };
		CF4FB2531FD2816B00CC885E /* FavoriteTableViewCell.swift */ = {isa = PBXFileReference; fileEncoding = 4; lastKnownFileType = sourcecode.swift; path = FavoriteTableViewCell.swift; sourceTree = "<group>"; };
		CF631B991FFEC96600A0E6AA /* Utilities.swift */ = {isa = PBXFileReference; fileEncoding = 4; lastKnownFileType = sourcecode.swift; path = Utilities.swift; sourceTree = "<group>"; };
		CF631B9B200047DE00A0E6AA /* SFBG 8.xcdatamodel */ = {isa = PBXFileReference; lastKnownFileType = wrapper.xcdatamodel; path = "SFBG 8.xcdatamodel"; sourceTree = "<group>"; };
		CF7429081FEB45FE004E26AE /* SignInViewController.swift */ = {isa = PBXFileReference; fileEncoding = 4; lastKnownFileType = sourcecode.swift; path = SignInViewController.swift; sourceTree = "<group>"; };
		CF74290A1FEB6D1A004E26AE /* Map_Geofencing.entitlements */ = {isa = PBXFileReference; lastKnownFileType = text.plist.entitlements; name = Map_Geofencing.entitlements; path = ../Map_Geofencing.entitlements; sourceTree = "<group>"; };
		CF74290B1FEC7135004E26AE /* TabBarController.swift */ = {isa = PBXFileReference; fileEncoding = 4; lastKnownFileType = sourcecode.swift; path = TabBarController.swift; sourceTree = "<group>"; };
		CF7429101FECC6BF004E26AE /* GoogleService-Info.plist */ = {isa = PBXFileReference; fileEncoding = 4; lastKnownFileType = text.plist.xml; path = "GoogleService-Info.plist"; sourceTree = "<group>"; };
		CF745543201A5C1100FEB1F6 /* MapViewControllerExtension.swift */ = {isa = PBXFileReference; fileEncoding = 4; lastKnownFileType = sourcecode.swift; path = MapViewControllerExtension.swift; sourceTree = "<group>"; };
		CF76A15D1FA9216000893C65 /* Map_Geofencing.app */ = {isa = PBXFileReference; explicitFileType = wrapper.application; includeInIndex = 0; path = Map_Geofencing.app; sourceTree = BUILT_PRODUCTS_DIR; };
		CF76A1601FA9216000893C65 /* AppDelegate.swift */ = {isa = PBXFileReference; lastKnownFileType = sourcecode.swift; path = AppDelegate.swift; sourceTree = "<group>"; };
		CF76A16C1FA9216000893C65 /* Info.plist */ = {isa = PBXFileReference; lastKnownFileType = text.plist.xml; path = Info.plist; sourceTree = "<group>"; };
		CF76A1711FA9216000893C65 /* Map_GeofencingTests.xctest */ = {isa = PBXFileReference; explicitFileType = wrapper.cfbundle; includeInIndex = 0; path = Map_GeofencingTests.xctest; sourceTree = BUILT_PRODUCTS_DIR; };
		CF76A1751FA9216000893C65 /* Map_GeofencingTests.swift */ = {isa = PBXFileReference; lastKnownFileType = sourcecode.swift; path = Map_GeofencingTests.swift; sourceTree = "<group>"; };
		CF76A1771FA9216000893C65 /* Info.plist */ = {isa = PBXFileReference; lastKnownFileType = text.plist.xml; path = Info.plist; sourceTree = "<group>"; };
		CF76A17C1FA9216000893C65 /* Map_GeofencingUITests.xctest */ = {isa = PBXFileReference; explicitFileType = wrapper.cfbundle; includeInIndex = 0; path = Map_GeofencingUITests.xctest; sourceTree = BUILT_PRODUCTS_DIR; };
		CF76A1801FA9216000893C65 /* Map_GeofencingUITests.swift */ = {isa = PBXFileReference; lastKnownFileType = sourcecode.swift; path = Map_GeofencingUITests.swift; sourceTree = "<group>"; };
		CF76A1821FA9216000893C65 /* Info.plist */ = {isa = PBXFileReference; lastKnownFileType = text.plist.xml; path = Info.plist; sourceTree = "<group>"; };
		CF76A1911FA92B7F00893C65 /* Default-568h@2x.png */ = {isa = PBXFileReference; lastKnownFileType = image.png; path = "Default-568h@2x.png"; sourceTree = "<group>"; };
		CF8A070E1FEE3588005F9C19 /* SFBG 6.xcdatamodel */ = {isa = PBXFileReference; lastKnownFileType = wrapper.xcdatamodel; path = "SFBG 6.xcdatamodel"; sourceTree = "<group>"; };
		CF8A070F1FEF67BA005F9C19 /* SFBG 7.xcdatamodel */ = {isa = PBXFileReference; lastKnownFileType = wrapper.xcdatamodel; path = "SFBG 7.xcdatamodel"; sourceTree = "<group>"; };
		CF8A07101FEF680E005F9C19 /* Plant+CoreDataClass.swift */ = {isa = PBXFileReference; fileEncoding = 4; lastKnownFileType = sourcecode.swift; path = "Plant+CoreDataClass.swift"; sourceTree = "<group>"; };
		CF8A07111FEF680E005F9C19 /* Plant+CoreDataProperties.swift */ = {isa = PBXFileReference; fileEncoding = 4; lastKnownFileType = sourcecode.swift; path = "Plant+CoreDataProperties.swift"; sourceTree = "<group>"; };
		CF97BEDD1FCDD67500E9931C /* style.json */ = {isa = PBXFileReference; fileEncoding = 4; lastKnownFileType = text.json; name = style.json; path = ../style.json; sourceTree = "<group>"; };
		CF97BEE11FCDEA7300E9931C /* PlantTableViewController.swift */ = {isa = PBXFileReference; fileEncoding = 4; lastKnownFileType = sourcecode.swift; path = PlantTableViewController.swift; sourceTree = "<group>"; };
		CF97BEE31FCDEEA000E9931C /* PlantTableViewCell.swift */ = {isa = PBXFileReference; fileEncoding = 4; lastKnownFileType = sourcecode.swift; path = PlantTableViewCell.swift; sourceTree = "<group>"; };
		CF97BEE91FCDFFB100E9931C /* DetailViewController.swift */ = {isa = PBXFileReference; fileEncoding = 4; lastKnownFileType = sourcecode.swift; path = DetailViewController.swift; sourceTree = "<group>"; };
		CFB11DE01FF76588001FBEE6 /* SignInWithEmailViewController.swift */ = {isa = PBXFileReference; fileEncoding = 4; lastKnownFileType = sourcecode.swift; path = SignInWithEmailViewController.swift; sourceTree = "<group>"; };
		CFB11DE21FF76D2B001FBEE6 /* SignUpWithEmailViewController.swift */ = {isa = PBXFileReference; fileEncoding = 4; lastKnownFileType = sourcecode.swift; path = SignUpWithEmailViewController.swift; sourceTree = "<group>"; };
		CFB4EE0A1FF62BC3003DD45A /* GCDBlackBox.swift */ = {isa = PBXFileReference; fileEncoding = 4; lastKnownFileType = sourcecode.swift; path = GCDBlackBox.swift; sourceTree = "<group>"; };
		CFCA45A4200B376800DAA4EF /* Main.storyboard */ = {isa = PBXFileReference; fileEncoding = 4; lastKnownFileType = file.storyboard; path = Main.storyboard; sourceTree = "<group>"; };
		CFCDF1C11FE392B100C15C43 /* ImageStore.swift */ = {isa = PBXFileReference; fileEncoding = 4; lastKnownFileType = sourcecode.swift; path = ImageStore.swift; sourceTree = "<group>"; };
		CFD109E52051371A00C14FC4 /* Assets.xcassets */ = {isa = PBXFileReference; lastKnownFileType = folder.assetcatalog; path = Assets.xcassets; sourceTree = "<group>"; };
		CFD109E720513BA000C14FC4 /* PhotoAlbumViewController.swift */ = {isa = PBXFileReference; lastKnownFileType = sourcecode.swift; path = PhotoAlbumViewController.swift; sourceTree = "<group>"; };
		CFD109EB20514BA500C14FC4 /* FlickrClient.swift */ = {isa = PBXFileReference; lastKnownFileType = sourcecode.swift; path = FlickrClient.swift; sourceTree = "<group>"; };
		CFD109EE205152D500C14FC4 /* PhotoViewCell.swift */ = {isa = PBXFileReference; lastKnownFileType = sourcecode.swift; path = PhotoViewCell.swift; sourceTree = "<group>"; };
		CFD109F02051BEEE00C14FC4 /* PhotoViewHeaderCell.swift */ = {isa = PBXFileReference; lastKnownFileType = sourcecode.swift; path = PhotoViewHeaderCell.swift; sourceTree = "<group>"; };
		CFD10A3820589EDE00C14FC4 /* AudioPlayController.swift */ = {isa = PBXFileReference; lastKnownFileType = sourcecode.swift; path = AudioPlayController.swift; sourceTree = "<group>"; };
		CFD3C24C1FD7BAE20084637B /* PhotoStore.swift */ = {isa = PBXFileReference; fileEncoding = 4; lastKnownFileType = sourcecode.swift; path = PhotoStore.swift; sourceTree = "<group>"; };
		CFD3C24E1FD7BCF00084637B /* SFBG 2.xcdatamodel */ = {isa = PBXFileReference; lastKnownFileType = wrapper.xcdatamodel; path = "SFBG 2.xcdatamodel"; sourceTree = "<group>"; };
		CFD3C2501FD8C68B0084637B /* SFBG 3.xcdatamodel */ = {isa = PBXFileReference; lastKnownFileType = wrapper.xcdatamodel; path = "SFBG 3.xcdatamodel"; sourceTree = "<group>"; };
		CFD3C25D1FD908FB0084637B /* SFBG 4.xcdatamodel */ = {isa = PBXFileReference; lastKnownFileType = wrapper.xcdatamodel; path = "SFBG 4.xcdatamodel"; sourceTree = "<group>"; };
		CFD3C26F1FDD0C7C0084637B /* PlantNameTableViewCell.swift */ = {isa = PBXFileReference; fileEncoding = 4; lastKnownFileType = sourcecode.swift; path = PlantNameTableViewCell.swift; sourceTree = "<group>"; };
		CFD3C2701FDD0C7C0084637B /* PlantNameTableViewCell.xib */ = {isa = PBXFileReference; fileEncoding = 4; lastKnownFileType = file.xib; path = PlantNameTableViewCell.xib; sourceTree = "<group>"; };
		CFD3C2731FDD1B970084637B /* PlantPropertiesTableViewCell.swift */ = {isa = PBXFileReference; fileEncoding = 4; lastKnownFileType = sourcecode.swift; path = PlantPropertiesTableViewCell.swift; sourceTree = "<group>"; };
		CFD3C2741FDD1B970084637B /* PlantPropertiesTableViewCell.xib */ = {isa = PBXFileReference; fileEncoding = 4; lastKnownFileType = file.xib; path = PlantPropertiesTableViewCell.xib; sourceTree = "<group>"; };
		CFD3C2781FDE3A7A0084637B /* PlantViewModel.swift */ = {isa = PBXFileReference; fileEncoding = 4; lastKnownFileType = sourcecode.swift; path = PlantViewModel.swift; sourceTree = "<group>"; };
		CFDC058A200C74520024CFE6 /* Appearance.swift */ = {isa = PBXFileReference; fileEncoding = 4; lastKnownFileType = sourcecode.swift; path = Appearance.swift; sourceTree = "<group>"; };
		CFDC058C200C9C6C0024CFE6 /* WebViewController.swift */ = {isa = PBXFileReference; fileEncoding = 4; lastKnownFileType = sourcecode.swift; path = WebViewController.swift; sourceTree = "<group>"; };
		CFDC0590201130230024CFE6 /* Launch Screen.storyboard */ = {isa = PBXFileReference; fileEncoding = 4; lastKnownFileType = file.storyboard; path = "Launch Screen.storyboard"; sourceTree = "<group>"; };
		CFE592A11FDF4A5100F0BBE2 /* SFBG 5.xcdatamodel */ = {isa = PBXFileReference; lastKnownFileType = wrapper.xcdatamodel; path = "SFBG 5.xcdatamodel"; sourceTree = "<group>"; };
		CFE592A21FDF4C9D00F0BBE2 /* User+CoreDataClass.swift */ = {isa = PBXFileReference; fileEncoding = 4; lastKnownFileType = sourcecode.swift; path = "User+CoreDataClass.swift"; sourceTree = "<group>"; };
		CFE592A31FDF4C9D00F0BBE2 /* User+CoreDataProperties.swift */ = {isa = PBXFileReference; fileEncoding = 4; lastKnownFileType = sourcecode.swift; path = "User+CoreDataProperties.swift"; sourceTree = "<group>"; };
		CFE592A41FDF4C9D00F0BBE2 /* Photo+CoreDataClass.swift */ = {isa = PBXFileReference; fileEncoding = 4; lastKnownFileType = sourcecode.swift; path = "Photo+CoreDataClass.swift"; sourceTree = "<group>"; };
		CFE592A51FDF4C9D00F0BBE2 /* Photo+CoreDataProperties.swift */ = {isa = PBXFileReference; fileEncoding = 4; lastKnownFileType = sourcecode.swift; path = "Photo+CoreDataProperties.swift"; sourceTree = "<group>"; };
		D384E29453D278ED30EA035D /* Pods-Map_Geofencing.release.xcconfig */ = {isa = PBXFileReference; includeInIndex = 1; lastKnownFileType = text.xcconfig; name = "Pods-Map_Geofencing.release.xcconfig"; path = "Pods/Target Support Files/Pods-Map_Geofencing/Pods-Map_Geofencing.release.xcconfig"; sourceTree = "<group>"; };
		F1E9AB2DDFEFA690E49873C7 /* Pods_Map_GeofencingUITests.framework */ = {isa = PBXFileReference; explicitFileType = wrapper.framework; includeInIndex = 0; path = Pods_Map_GeofencingUITests.framework; sourceTree = BUILT_PRODUCTS_DIR; };
		FBDC9E65F6A2921D234C3F78 /* Pods-Map_GeofencingUITests.release.xcconfig */ = {isa = PBXFileReference; includeInIndex = 1; lastKnownFileType = text.xcconfig; name = "Pods-Map_GeofencingUITests.release.xcconfig"; path = "Pods/Target Support Files/Pods-Map_GeofencingUITests/Pods-Map_GeofencingUITests.release.xcconfig"; sourceTree = "<group>"; };
/* End PBXFileReference section */

/* Begin PBXFrameworksBuildPhase section */
		CF76A15A1FA9216000893C65 /* Frameworks */ = {
			isa = PBXFrameworksBuildPhase;
			buildActionMask = 2147483647;
			files = (
				1D1F68237E5E64E78E73F63F /* Pods_Map_Geofencing.framework in Frameworks */,
			);
			runOnlyForDeploymentPostprocessing = 0;
		};
		CF76A16E1FA9216000893C65 /* Frameworks */ = {
			isa = PBXFrameworksBuildPhase;
			buildActionMask = 2147483647;
			files = (
				B29631AB9BDD8D884673B131 /* Pods_Map_GeofencingTests.framework in Frameworks */,
			);
			runOnlyForDeploymentPostprocessing = 0;
		};
		CF76A1791FA9216000893C65 /* Frameworks */ = {
			isa = PBXFrameworksBuildPhase;
			buildActionMask = 2147483647;
			files = (
				A6893DBF9F5B0A909DB4DEE8 /* Pods_Map_GeofencingUITests.framework in Frameworks */,
			);
			runOnlyForDeploymentPostprocessing = 0;
		};
/* End PBXFrameworksBuildPhase section */

/* Begin PBXGroup section */
		B4D0804F70F38C4DF4CAA904 /* Frameworks */ = {
			isa = PBXGroup;
			children = (
				65F36ABD82180BD41EF261F0 /* Pods_Map_Geofencing.framework */,
				4386CD60F05D9B535BF5F0D7 /* Pods_Map_GeofencingTests.framework */,
				F1E9AB2DDFEFA690E49873C7 /* Pods_Map_GeofencingUITests.framework */,
			);
			name = Frameworks;
			sourceTree = "<group>";
		};
		CF4FB2351FCE3E9600CC885E /* Model */ = {
			isa = PBXGroup;
			children = (
				CFE592A21FDF4C9D00F0BBE2 /* User+CoreDataClass.swift */,
				CFE592A31FDF4C9D00F0BBE2 /* User+CoreDataProperties.swift */,
				CFE592A41FDF4C9D00F0BBE2 /* Photo+CoreDataClass.swift */,
				CFE592A51FDF4C9D00F0BBE2 /* Photo+CoreDataProperties.swift */,
				CF8A07101FEF680E005F9C19 /* Plant+CoreDataClass.swift */,
				CF8A07111FEF680E005F9C19 /* Plant+CoreDataProperties.swift */,
				CF4FB2381FCE545E00CC885E /* SFBG.xcdatamodeld */,
			);
			name = Model;
			sourceTree = "<group>";
		};
		CF76A1541FA9215F00893C65 = {
			isa = PBXGroup;
			children = (
				CF76A15F1FA9216000893C65 /* Map_Geofencing */,
				CF76A1741FA9216000893C65 /* Map_GeofencingTests */,
				CF76A17F1FA9216000893C65 /* Map_GeofencingUITests */,
				CF76A15E1FA9216000893C65 /* Products */,
				EFA156FBEA51E510F356364C /* Pods */,
				B4D0804F70F38C4DF4CAA904 /* Frameworks */,
			);
			sourceTree = "<group>";
		};
		CF76A15E1FA9216000893C65 /* Products */ = {
			isa = PBXGroup;
			children = (
				CF76A15D1FA9216000893C65 /* Map_Geofencing.app */,
				CF76A1711FA9216000893C65 /* Map_GeofencingTests.xctest */,
				CF76A17C1FA9216000893C65 /* Map_GeofencingUITests.xctest */,
			);
			name = Products;
			sourceTree = "<group>";
		};
		CF76A15F1FA9216000893C65 /* Map_Geofencing */ = {
			isa = PBXGroup;
			children = (
				CF76A1601FA9216000893C65 /* AppDelegate.swift */,
				CF4D1C282026AE0C000512E9 /* Constants.swift */,
				CF4FB2411FCFB48D00CC885E /* seed.json */,
				CFD3C26E1FDD0B120084637B /* Storyboards */,
				CFD3C2771FDE3A5E0084637B /* PlantViewModel */,
				CF76A18F1FA92B4400893C65 /* ViewControllers */,
				CFDC0589200C74230024CFE6 /* Extensions */,
				CFD3C24B1FD7BAA80084637B /* ModelControllers */,
				CF4FB2351FCE3E9600CC885E /* Model */,
				CF76A1901FA92B6300893C65 /* Assets */,
				CF76A18E1FA92B3A00893C65 /* Supporting Files */,
			);
			path = Map_Geofencing;
			sourceTree = "<group>";
		};
		CF76A1741FA9216000893C65 /* Map_GeofencingTests */ = {
			isa = PBXGroup;
			children = (
				CF76A1751FA9216000893C65 /* Map_GeofencingTests.swift */,
				CF76A1771FA9216000893C65 /* Info.plist */,
			);
			path = Map_GeofencingTests;
			sourceTree = "<group>";
		};
		CF76A17F1FA9216000893C65 /* Map_GeofencingUITests */ = {
			isa = PBXGroup;
			children = (
				CF76A1801FA9216000893C65 /* Map_GeofencingUITests.swift */,
				CF76A1821FA9216000893C65 /* Info.plist */,
			);
			path = Map_GeofencingUITests;
			sourceTree = "<group>";
		};
		CF76A18E1FA92B3A00893C65 /* Supporting Files */ = {
			isa = PBXGroup;
			children = (
				CF76A16C1FA9216000893C65 /* Info.plist */,
				CF7429101FECC6BF004E26AE /* GoogleService-Info.plist */,
				CF74290A1FEB6D1A004E26AE /* Map_Geofencing.entitlements */,
				CF97BEDD1FCDD67500E9931C /* style.json */,
				CFB4EE0A1FF62BC3003DD45A /* GCDBlackBox.swift */,
			);
			path = "Supporting Files";
			sourceTree = "<group>";
		};
		CF76A18F1FA92B4400893C65 /* ViewControllers */ = {
			isa = PBXGroup;
			children = (
				CF74290B1FEC7135004E26AE /* TabBarController.swift */,
				CFD10991204F9B6A00C14FC4 /* MapViewController */,
				CFD10995204F9BD600C14FC4 /* PlantTableViewController */,
				CFD10992204F9B8700C14FC4 /* DetailViewController */,
				CFD10994204F9BBE00C14FC4 /* FavoriteViewController */,
				CFD10993204F9B9F00C14FC4 /* Profile, Login */,
			);
			path = ViewControllers;
			sourceTree = "<group>";
		};
		CF76A1901FA92B6300893C65 /* Assets */ = {
			isa = PBXGroup;
			children = (
				CFD109E52051371A00C14FC4 /* Assets.xcassets */,
				CF76A1911FA92B7F00893C65 /* Default-568h@2x.png */,
			);
			path = Assets;
			sourceTree = "<group>";
		};
		CFD10991204F9B6A00C14FC4 /* MapViewController */ = {
			isa = PBXGroup;
			children = (
				CF4FB24F1FD1215D00CC885E /* MapViewController.swift */,
				CF745543201A5C1100FEB1F6 /* MapViewControllerExtension.swift */,
			);
			path = MapViewController;
			sourceTree = "<group>";
		};
		CFD10992204F9B8700C14FC4 /* DetailViewController */ = {
			isa = PBXGroup;
			children = (
				CF97BEE91FCDFFB100E9931C /* DetailViewController.swift */,
				CFD3C2881FDF36180084637B /* Detail Table View Cells */,
				CFD10A3820589EDE00C14FC4 /* AudioPlayController.swift */,
				CFDC058C200C9C6C0024CFE6 /* WebViewController.swift */,
				CFD109E720513BA000C14FC4 /* PhotoAlbumViewController.swift */,
				CFD109F02051BEEE00C14FC4 /* PhotoViewHeaderCell.swift */,
				CFD109EE205152D500C14FC4 /* PhotoViewCell.swift */,
			);
			name = DetailViewController;
			path = ../..;
			sourceTree = "<group>";
		};
		CFD10993204F9B9F00C14FC4 /* Profile, Login */ = {
			isa = PBXGroup;
			children = (
				CF4FB23D1FCE9EF000CC885E /* ProfileViewController.swift */,
				CF7429081FEB45FE004E26AE /* SignInViewController.swift */,
				CFB11DE21FF76D2B001FBEE6 /* SignUpWithEmailViewController.swift */,
				CFB11DE01FF76588001FBEE6 /* SignInWithEmailViewController.swift */,
			);
			path = "Profile, Login";
			sourceTree = "<group>";
		};
		CFD10994204F9BBE00C14FC4 /* FavoriteViewController */ = {
			isa = PBXGroup;
			children = (
				CF4FB23B1FCE9E9A00CC885E /* FavoriteViewController.swift */,
				CF4FB2531FD2816B00CC885E /* FavoriteTableViewCell.swift */,
			);
			path = FavoriteViewController;
			sourceTree = "<group>";
		};
		CFD10995204F9BD600C14FC4 /* PlantTableViewController */ = {
			isa = PBXGroup;
			children = (
				CF97BEE11FCDEA7300E9931C /* PlantTableViewController.swift */,
				CF97BEE31FCDEEA000E9931C /* PlantTableViewCell.swift */,
			);
			path = PlantTableViewController;
			sourceTree = "<group>";
		};
		CFD3C24B1FD7BAA80084637B /* ModelControllers */ = {
			isa = PBXGroup;
			children = (
				CFD109EB20514BA500C14FC4 /* FlickrClient.swift */,
				CFD3C24C1FD7BAE20084637B /* PhotoStore.swift */,
				CFCDF1C11FE392B100C15C43 /* ImageStore.swift */,
				CF4D1C2A2026AE4F000512E9 /* Contentful.swift */,
			);
			name = ModelControllers;
			sourceTree = "<group>";
		};
		CFD3C26E1FDD0B120084637B /* Storyboards */ = {
			isa = PBXGroup;
			children = (
				CFCA45A4200B376800DAA4EF /* Main.storyboard */,
				CFDC0590201130230024CFE6 /* Launch Screen.storyboard */,
			);
			name = Storyboards;
			sourceTree = "<group>";
		};
		CFD3C2771FDE3A5E0084637B /* PlantViewModel */ = {
			isa = PBXGroup;
			children = (
				CFD3C2781FDE3A7A0084637B /* PlantViewModel.swift */,
			);
			name = PlantViewModel;
			sourceTree = "<group>";
		};
		CFD3C2881FDF36180084637B /* Detail Table View Cells */ = {
			isa = PBXGroup;
			children = (
				CF369D251FE0A8B10064E251 /* HeaderView.swift */,
				CF369D291FE0A9630064E251 /* HeaderView.xib */,
				CFD3C26F1FDD0C7C0084637B /* PlantNameTableViewCell.swift */,
				CFD3C2701FDD0C7C0084637B /* PlantNameTableViewCell.xib */,
				CFD3C2731FDD1B970084637B /* PlantPropertiesTableViewCell.swift */,
				CFD3C2741FDD1B970084637B /* PlantPropertiesTableViewCell.xib */,
			);
			name = "Detail Table View Cells";
			path = Map_Geofencing;
			sourceTree = "<group>";
		};
		CFDC0589200C74230024CFE6 /* Extensions */ = {
			isa = PBXGroup;
			children = (
				CFDC058A200C74520024CFE6 /* Appearance.swift */,
				CF631B991FFEC96600A0E6AA /* Utilities.swift */,
			);
			name = Extensions;
			path = "Supporting Files";
			sourceTree = "<group>";
		};
		EFA156FBEA51E510F356364C /* Pods */ = {
			isa = PBXGroup;
			children = (
				16FD2C94326686661685BE8B /* Pods-Map_Geofencing.debug.xcconfig */,
				D384E29453D278ED30EA035D /* Pods-Map_Geofencing.release.xcconfig */,
				7B9B792CAE62441320E0098E /* Pods-Map_GeofencingTests.debug.xcconfig */,
				7F5EFED71ADC3F3A4290E80C /* Pods-Map_GeofencingTests.release.xcconfig */,
				690872664BDE4A5CA6C669D2 /* Pods-Map_GeofencingUITests.debug.xcconfig */,
				FBDC9E65F6A2921D234C3F78 /* Pods-Map_GeofencingUITests.release.xcconfig */,
			);
			name = Pods;
			sourceTree = "<group>";
		};
/* End PBXGroup section */

/* Begin PBXNativeTarget section */
		CF76A15C1FA9216000893C65 /* Map_Geofencing */ = {
			isa = PBXNativeTarget;
			buildConfigurationList = CF76A1851FA9216000893C65 /* Build configuration list for PBXNativeTarget "Map_Geofencing" */;
			buildPhases = (
				81F2D3A7F79F5760F141F1C0 /* [CP] Check Pods Manifest.lock */,
				CF76A1591FA9216000893C65 /* Sources */,
				CF76A15A1FA9216000893C65 /* Frameworks */,
				CF76A15B1FA9216000893C65 /* Resources */,
				56D67E5D8D7FE36514966A0D /* [CP] Embed Pods Frameworks */,
				D857C7159E0781EFBD39BCB5 /* [CP] Copy Pods Resources */,
			);
			buildRules = (
			);
			dependencies = (
			);
			name = Map_Geofencing;
			productName = Map_Geofencing;
			productReference = CF76A15D1FA9216000893C65 /* Map_Geofencing.app */;
			productType = "com.apple.product-type.application";
		};
		CF76A1701FA9216000893C65 /* Map_GeofencingTests */ = {
			isa = PBXNativeTarget;
			buildConfigurationList = CF76A1881FA9216000893C65 /* Build configuration list for PBXNativeTarget "Map_GeofencingTests" */;
			buildPhases = (
				DB3BE7D36AC9C694471D7C6F /* [CP] Check Pods Manifest.lock */,
				CF76A16D1FA9216000893C65 /* Sources */,
				CF76A16E1FA9216000893C65 /* Frameworks */,
				CF76A16F1FA9216000893C65 /* Resources */,
				D75A7CC9E4887E4396972915 /* [CP] Embed Pods Frameworks */,
				3101F4E5E7125014EF3344F8 /* [CP] Copy Pods Resources */,
			);
			buildRules = (
			);
			dependencies = (
				CF76A1731FA9216000893C65 /* PBXTargetDependency */,
			);
			name = Map_GeofencingTests;
			productName = Map_GeofencingTests;
			productReference = CF76A1711FA9216000893C65 /* Map_GeofencingTests.xctest */;
			productType = "com.apple.product-type.bundle.unit-test";
		};
		CF76A17B1FA9216000893C65 /* Map_GeofencingUITests */ = {
			isa = PBXNativeTarget;
			buildConfigurationList = CF76A18B1FA9216000893C65 /* Build configuration list for PBXNativeTarget "Map_GeofencingUITests" */;
			buildPhases = (
				CCA6898C43C2F9D2701CA763 /* [CP] Check Pods Manifest.lock */,
				CF76A1781FA9216000893C65 /* Sources */,
				CF76A1791FA9216000893C65 /* Frameworks */,
				CF76A17A1FA9216000893C65 /* Resources */,
				3AA1913E4DE4AC209FA6C274 /* [CP] Embed Pods Frameworks */,
				DE0974754033114822BB7CE9 /* [CP] Copy Pods Resources */,
			);
			buildRules = (
			);
			dependencies = (
				CF76A17E1FA9216000893C65 /* PBXTargetDependency */,
			);
			name = Map_GeofencingUITests;
			productName = Map_GeofencingUITests;
			productReference = CF76A17C1FA9216000893C65 /* Map_GeofencingUITests.xctest */;
			productType = "com.apple.product-type.bundle.ui-testing";
		};
/* End PBXNativeTarget section */

/* Begin PBXProject section */
		CF76A1551FA9215F00893C65 /* Project object */ = {
			isa = PBXProject;
			attributes = {
				LastSwiftUpdateCheck = 0900;
				LastUpgradeCheck = 0900;
				ORGANIZATIONNAME = YTK;
				TargetAttributes = {
					CF76A15C1FA9216000893C65 = {
						CreatedOnToolsVersion = 9.0.1;
						LastSwiftMigration = 0920;
						ProvisioningStyle = Automatic;
						SystemCapabilities = {
							com.apple.BackgroundModes = {
								enabled = 0;
							};
							com.apple.Keychain = {
								enabled = 1;
							};
						};
					};
					CF76A1701FA9216000893C65 = {
						CreatedOnToolsVersion = 9.0.1;
						LastSwiftMigration = 0920;
						ProvisioningStyle = Automatic;
						TestTargetID = CF76A15C1FA9216000893C65;
					};
					CF76A17B1FA9216000893C65 = {
						CreatedOnToolsVersion = 9.0.1;
						LastSwiftMigration = 0920;
						ProvisioningStyle = Automatic;
						TestTargetID = CF76A15C1FA9216000893C65;
					};
				};
			};
			buildConfigurationList = CF76A1581FA9215F00893C65 /* Build configuration list for PBXProject "Map_Geofencing" */;
			compatibilityVersion = "Xcode 8.0";
			developmentRegion = en;
			hasScannedForEncodings = 0;
			knownRegions = (
				en,
				Base,
			);
			mainGroup = CF76A1541FA9215F00893C65;
			productRefGroup = CF76A15E1FA9216000893C65 /* Products */;
			projectDirPath = "";
			projectRoot = "";
			targets = (
				CF76A15C1FA9216000893C65 /* Map_Geofencing */,
				CF76A1701FA9216000893C65 /* Map_GeofencingTests */,
				CF76A17B1FA9216000893C65 /* Map_GeofencingUITests */,
			);
		};
/* End PBXProject section */

/* Begin PBXResourcesBuildPhase section */
		CF76A15B1FA9216000893C65 /* Resources */ = {
			isa = PBXResourcesBuildPhase;
			buildActionMask = 2147483647;
			files = (
				CFD3C2721FDD0C7C0084637B /* PlantNameTableViewCell.xib in Resources */,
				CFCA45A5200B376800DAA4EF /* Main.storyboard in Resources */,
				CFD3C2761FDD1B970084637B /* PlantPropertiesTableViewCell.xib in Resources */,
				CF369D2A1FE0A9630064E251 /* HeaderView.xib in Resources */,
				CFD109E62051371A00C14FC4 /* Assets.xcassets in Resources */,
				CF7429111FECC6BF004E26AE /* GoogleService-Info.plist in Resources */,
				CF76A1921FA92B7F00893C65 /* Default-568h@2x.png in Resources */,
				CF97BEDE1FCDD67500E9931C /* style.json in Resources */,
				CFDC0591201130230024CFE6 /* Launch Screen.storyboard in Resources */,
				CF4FB2421FCFB48D00CC885E /* seed.json in Resources */,
			);
			runOnlyForDeploymentPostprocessing = 0;
		};
		CF76A16F1FA9216000893C65 /* Resources */ = {
			isa = PBXResourcesBuildPhase;
			buildActionMask = 2147483647;
			files = (
			);
			runOnlyForDeploymentPostprocessing = 0;
		};
		CF76A17A1FA9216000893C65 /* Resources */ = {
			isa = PBXResourcesBuildPhase;
			buildActionMask = 2147483647;
			files = (
			);
			runOnlyForDeploymentPostprocessing = 0;
		};
/* End PBXResourcesBuildPhase section */

/* Begin PBXShellScriptBuildPhase section */
		3101F4E5E7125014EF3344F8 /* [CP] Copy Pods Resources */ = {
			isa = PBXShellScriptBuildPhase;
			buildActionMask = 2147483647;
			files = (
			);
			inputPaths = (
			);
			name = "[CP] Copy Pods Resources";
			outputPaths = (
			);
			runOnlyForDeploymentPostprocessing = 0;
			shellPath = /bin/sh;
			shellScript = "\"${SRCROOT}/Pods/Target Support Files/Pods-Map_GeofencingTests/Pods-Map_GeofencingTests-resources.sh\"\n";
			showEnvVarsInLog = 0;
		};
		3AA1913E4DE4AC209FA6C274 /* [CP] Embed Pods Frameworks */ = {
			isa = PBXShellScriptBuildPhase;
			buildActionMask = 2147483647;
			files = (
			);
			inputPaths = (
			);
			name = "[CP] Embed Pods Frameworks";
			outputPaths = (
			);
			runOnlyForDeploymentPostprocessing = 0;
			shellPath = /bin/sh;
			shellScript = "\"${SRCROOT}/Pods/Target Support Files/Pods-Map_GeofencingUITests/Pods-Map_GeofencingUITests-frameworks.sh\"\n";
			showEnvVarsInLog = 0;
		};
		56D67E5D8D7FE36514966A0D /* [CP] Embed Pods Frameworks */ = {
			isa = PBXShellScriptBuildPhase;
			buildActionMask = 2147483647;
			files = (
			);
			inputPaths = (
				"${SRCROOT}/Pods/Target Support Files/Pods-Map_Geofencing/Pods-Map_Geofencing-frameworks.sh",
				"${BUILT_PRODUCTS_DIR}/Bolts/Bolts.framework",
				"${BUILT_PRODUCTS_DIR}/Contentful/Contentful.framework",
				"${BUILT_PRODUCTS_DIR}/FBSDKCoreKit/FBSDKCoreKit.framework",
				"${BUILT_PRODUCTS_DIR}/FBSDKLoginKit/FBSDKLoginKit.framework",
				"${BUILT_PRODUCTS_DIR}/FBSDKShareKit/FBSDKShareKit.framework",
				"${BUILT_PRODUCTS_DIR}/FacebookCore/FacebookCore.framework",
				"${BUILT_PRODUCTS_DIR}/FacebookLogin/FacebookLogin.framework",
				"${BUILT_PRODUCTS_DIR}/GTMOAuth2/GTMOAuth2.framework",
				"${BUILT_PRODUCTS_DIR}/GTMSessionFetcher/GTMSessionFetcher.framework",
				"${BUILT_PRODUCTS_DIR}/GoogleToolboxForMac/GoogleToolboxForMac.framework",
				"${BUILT_PRODUCTS_DIR}/Interstellar/Interstellar.framework",
				"${BUILT_PRODUCTS_DIR}/nanopb/nanopb.framework",
			);
			name = "[CP] Embed Pods Frameworks";
			outputPaths = (
				"${TARGET_BUILD_DIR}/${FRAMEWORKS_FOLDER_PATH}/Bolts.framework",
				"${TARGET_BUILD_DIR}/${FRAMEWORKS_FOLDER_PATH}/Contentful.framework",
				"${TARGET_BUILD_DIR}/${FRAMEWORKS_FOLDER_PATH}/FBSDKCoreKit.framework",
				"${TARGET_BUILD_DIR}/${FRAMEWORKS_FOLDER_PATH}/FBSDKLoginKit.framework",
				"${TARGET_BUILD_DIR}/${FRAMEWORKS_FOLDER_PATH}/FBSDKShareKit.framework",
				"${TARGET_BUILD_DIR}/${FRAMEWORKS_FOLDER_PATH}/FacebookCore.framework",
				"${TARGET_BUILD_DIR}/${FRAMEWORKS_FOLDER_PATH}/FacebookLogin.framework",
				"${TARGET_BUILD_DIR}/${FRAMEWORKS_FOLDER_PATH}/GTMOAuth2.framework",
				"${TARGET_BUILD_DIR}/${FRAMEWORKS_FOLDER_PATH}/GTMSessionFetcher.framework",
				"${TARGET_BUILD_DIR}/${FRAMEWORKS_FOLDER_PATH}/GoogleToolboxForMac.framework",
				"${TARGET_BUILD_DIR}/${FRAMEWORKS_FOLDER_PATH}/Interstellar.framework",
				"${TARGET_BUILD_DIR}/${FRAMEWORKS_FOLDER_PATH}/nanopb.framework",
			);
			runOnlyForDeploymentPostprocessing = 0;
			shellPath = /bin/sh;
			shellScript = "\"${SRCROOT}/Pods/Target Support Files/Pods-Map_Geofencing/Pods-Map_Geofencing-frameworks.sh\"\n";
			showEnvVarsInLog = 0;
		};
		81F2D3A7F79F5760F141F1C0 /* [CP] Check Pods Manifest.lock */ = {
			isa = PBXShellScriptBuildPhase;
			buildActionMask = 2147483647;
			files = (
			);
			inputPaths = (
				"${PODS_PODFILE_DIR_PATH}/Podfile.lock",
				"${PODS_ROOT}/Manifest.lock",
			);
			name = "[CP] Check Pods Manifest.lock";
			outputPaths = (
				"$(DERIVED_FILE_DIR)/Pods-Map_Geofencing-checkManifestLockResult.txt",
			);
			runOnlyForDeploymentPostprocessing = 0;
			shellPath = /bin/sh;
			shellScript = "diff \"${PODS_PODFILE_DIR_PATH}/Podfile.lock\" \"${PODS_ROOT}/Manifest.lock\" > /dev/null\nif [ $? != 0 ] ; then\n    # print error to STDERR\n    echo \"error: The sandbox is not in sync with the Podfile.lock. Run 'pod install' or update your CocoaPods installation.\" >&2\n    exit 1\nfi\n# This output is used by Xcode 'outputs' to avoid re-running this script phase.\necho \"SUCCESS\" > \"${SCRIPT_OUTPUT_FILE_0}\"\n";
			showEnvVarsInLog = 0;
		};
		CCA6898C43C2F9D2701CA763 /* [CP] Check Pods Manifest.lock */ = {
			isa = PBXShellScriptBuildPhase;
			buildActionMask = 2147483647;
			files = (
			);
			inputPaths = (
				"${PODS_PODFILE_DIR_PATH}/Podfile.lock",
				"${PODS_ROOT}/Manifest.lock",
			);
			name = "[CP] Check Pods Manifest.lock";
			outputPaths = (
				"$(DERIVED_FILE_DIR)/Pods-Map_GeofencingUITests-checkManifestLockResult.txt",
			);
			runOnlyForDeploymentPostprocessing = 0;
			shellPath = /bin/sh;
			shellScript = "diff \"${PODS_PODFILE_DIR_PATH}/Podfile.lock\" \"${PODS_ROOT}/Manifest.lock\" > /dev/null\nif [ $? != 0 ] ; then\n    # print error to STDERR\n    echo \"error: The sandbox is not in sync with the Podfile.lock. Run 'pod install' or update your CocoaPods installation.\" >&2\n    exit 1\nfi\n# This output is used by Xcode 'outputs' to avoid re-running this script phase.\necho \"SUCCESS\" > \"${SCRIPT_OUTPUT_FILE_0}\"\n";
			showEnvVarsInLog = 0;
		};
		D75A7CC9E4887E4396972915 /* [CP] Embed Pods Frameworks */ = {
			isa = PBXShellScriptBuildPhase;
			buildActionMask = 2147483647;
			files = (
			);
			inputPaths = (
			);
			name = "[CP] Embed Pods Frameworks";
			outputPaths = (
			);
			runOnlyForDeploymentPostprocessing = 0;
			shellPath = /bin/sh;
			shellScript = "\"${SRCROOT}/Pods/Target Support Files/Pods-Map_GeofencingTests/Pods-Map_GeofencingTests-frameworks.sh\"\n";
			showEnvVarsInLog = 0;
		};
		D857C7159E0781EFBD39BCB5 /* [CP] Copy Pods Resources */ = {
			isa = PBXShellScriptBuildPhase;
			buildActionMask = 2147483647;
			files = (
			);
			inputPaths = (
				"${SRCROOT}/Pods/Target Support Files/Pods-Map_Geofencing/Pods-Map_Geofencing-resources.sh",
				"${PODS_ROOT}/GoogleMaps/Maps/Frameworks/GoogleMaps.framework/Resources/GoogleMaps.bundle",
				"${PODS_ROOT}/GoogleSignIn/Resources/GoogleSignIn.bundle",
			);
			name = "[CP] Copy Pods Resources";
			outputPaths = (
				"${TARGET_BUILD_DIR}/${UNLOCALIZED_RESOURCES_FOLDER_PATH}/GoogleMaps.bundle",
				"${TARGET_BUILD_DIR}/${UNLOCALIZED_RESOURCES_FOLDER_PATH}/GoogleSignIn.bundle",
			);
			runOnlyForDeploymentPostprocessing = 0;
			shellPath = /bin/sh;
			shellScript = "\"${SRCROOT}/Pods/Target Support Files/Pods-Map_Geofencing/Pods-Map_Geofencing-resources.sh\"\n";
			showEnvVarsInLog = 0;
		};
		DB3BE7D36AC9C694471D7C6F /* [CP] Check Pods Manifest.lock */ = {
			isa = PBXShellScriptBuildPhase;
			buildActionMask = 2147483647;
			files = (
			);
			inputPaths = (
				"${PODS_PODFILE_DIR_PATH}/Podfile.lock",
				"${PODS_ROOT}/Manifest.lock",
			);
			name = "[CP] Check Pods Manifest.lock";
			outputPaths = (
				"$(DERIVED_FILE_DIR)/Pods-Map_GeofencingTests-checkManifestLockResult.txt",
			);
			runOnlyForDeploymentPostprocessing = 0;
			shellPath = /bin/sh;
			shellScript = "diff \"${PODS_PODFILE_DIR_PATH}/Podfile.lock\" \"${PODS_ROOT}/Manifest.lock\" > /dev/null\nif [ $? != 0 ] ; then\n    # print error to STDERR\n    echo \"error: The sandbox is not in sync with the Podfile.lock. Run 'pod install' or update your CocoaPods installation.\" >&2\n    exit 1\nfi\n# This output is used by Xcode 'outputs' to avoid re-running this script phase.\necho \"SUCCESS\" > \"${SCRIPT_OUTPUT_FILE_0}\"\n";
			showEnvVarsInLog = 0;
		};
		DE0974754033114822BB7CE9 /* [CP] Copy Pods Resources */ = {
			isa = PBXShellScriptBuildPhase;
			buildActionMask = 2147483647;
			files = (
			);
			inputPaths = (
			);
			name = "[CP] Copy Pods Resources";
			outputPaths = (
			);
			runOnlyForDeploymentPostprocessing = 0;
			shellPath = /bin/sh;
			shellScript = "\"${SRCROOT}/Pods/Target Support Files/Pods-Map_GeofencingUITests/Pods-Map_GeofencingUITests-resources.sh\"\n";
			showEnvVarsInLog = 0;
		};
/* End PBXShellScriptBuildPhase section */

/* Begin PBXSourcesBuildPhase section */
		CF76A1591FA9216000893C65 /* Sources */ = {
			isa = PBXSourcesBuildPhase;
			buildActionMask = 2147483647;
			files = (
				CFE592AA1FDF4C9D00F0BBE2 /* Photo+CoreDataClass.swift in Sources */,
				CF631B9A1FFEC96600A0E6AA /* Utilities.swift in Sources */,
				CF97BEE41FCDEEA000E9931C /* PlantTableViewCell.swift in Sources */,
				CF8A07131FEF680E005F9C19 /* Plant+CoreDataProperties.swift in Sources */,
				CFD3C2791FDE3A7A0084637B /* PlantViewModel.swift in Sources */,
				CFB11DE31FF76D2B001FBEE6 /* SignUpWithEmailViewController.swift in Sources */,
				CFD3C2711FDD0C7C0084637B /* PlantNameTableViewCell.swift in Sources */,
				CF97BEEA1FCDFFB100E9931C /* DetailViewController.swift in Sources */,
				CF369D261FE0A8B10064E251 /* HeaderView.swift in Sources */,
				CF4D1C292026AE0C000512E9 /* Constants.swift in Sources */,
				CFD3C2751FDD1B970084637B /* PlantPropertiesTableViewCell.swift in Sources */,
				CFD109E820513BA000C14FC4 /* PhotoAlbumViewController.swift in Sources */,
				CF74290C1FEC7135004E26AE /* TabBarController.swift in Sources */,
				CFDC058B200C74520024CFE6 /* Appearance.swift in Sources */,
				CF4D1C2B2026AE4F000512E9 /* Contentful.swift in Sources */,
				CFD3C24D1FD7BAE20084637B /* PhotoStore.swift in Sources */,
				CF8A07121FEF680E005F9C19 /* Plant+CoreDataClass.swift in Sources */,
				CF97BEE21FCDEA7300E9931C /* PlantTableViewController.swift in Sources */,
				CFD109F12051BEEF00C14FC4 /* PhotoViewHeaderCell.swift in Sources */,
				CFB11DE11FF76588001FBEE6 /* SignInWithEmailViewController.swift in Sources */,
				CFCDF1C21FE392B100C15C43 /* ImageStore.swift in Sources */,
				CFB4EE0B1FF62BC3003DD45A /* GCDBlackBox.swift in Sources */,
				CFE592A91FDF4C9D00F0BBE2 /* User+CoreDataProperties.swift in Sources */,
				CFE592A81FDF4C9D00F0BBE2 /* User+CoreDataClass.swift in Sources */,
				CFDC058D200C9C6C0024CFE6 /* WebViewController.swift in Sources */,
				CF76A1611FA9216000893C65 /* AppDelegate.swift in Sources */,
				CF745544201A5C1100FEB1F6 /* MapViewControllerExtension.swift in Sources */,
				CF4FB2541FD2816B00CC885E /* FavoriteTableViewCell.swift in Sources */,
				CF4FB23E1FCE9EF000CC885E /* ProfileViewController.swift in Sources */,
				CF4FB23C1FCE9E9A00CC885E /* FavoriteViewController.swift in Sources */,
				CFD109EF205152D600C14FC4 /* PhotoViewCell.swift in Sources */,
				CFD109EC20514BA500C14FC4 /* FlickrClient.swift in Sources */,
				CF4FB2501FD1215D00CC885E /* MapViewController.swift in Sources */,
				CFE592AB1FDF4C9D00F0BBE2 /* Photo+CoreDataProperties.swift in Sources */,
				CF7429091FEB45FE004E26AE /* SignInViewController.swift in Sources */,
				CF4FB23A1FCE545E00CC885E /* SFBG.xcdatamodeld in Sources */,
				CFD10A3920589EDE00C14FC4 /* AudioPlayController.swift in Sources */,
			);
			runOnlyForDeploymentPostprocessing = 0;
		};
		CF76A16D1FA9216000893C65 /* Sources */ = {
			isa = PBXSourcesBuildPhase;
			buildActionMask = 2147483647;
			files = (
				CF76A1761FA9216000893C65 /* Map_GeofencingTests.swift in Sources */,
			);
			runOnlyForDeploymentPostprocessing = 0;
		};
		CF76A1781FA9216000893C65 /* Sources */ = {
			isa = PBXSourcesBuildPhase;
			buildActionMask = 2147483647;
			files = (
				CF76A1811FA9216000893C65 /* Map_GeofencingUITests.swift in Sources */,
			);
			runOnlyForDeploymentPostprocessing = 0;
		};
/* End PBXSourcesBuildPhase section */

/* Begin PBXTargetDependency section */
		CF76A1731FA9216000893C65 /* PBXTargetDependency */ = {
			isa = PBXTargetDependency;
			target = CF76A15C1FA9216000893C65 /* Map_Geofencing */;
			targetProxy = CF76A1721FA9216000893C65 /* PBXContainerItemProxy */;
		};
		CF76A17E1FA9216000893C65 /* PBXTargetDependency */ = {
			isa = PBXTargetDependency;
			target = CF76A15C1FA9216000893C65 /* Map_Geofencing */;
			targetProxy = CF76A17D1FA9216000893C65 /* PBXContainerItemProxy */;
		};
/* End PBXTargetDependency section */

/* Begin XCBuildConfiguration section */
		CF76A1831FA9216000893C65 /* Debug */ = {
			isa = XCBuildConfiguration;
			buildSettings = {
				ALWAYS_SEARCH_USER_PATHS = NO;
				CLANG_ANALYZER_NONNULL = YES;
				CLANG_ANALYZER_NUMBER_OBJECT_CONVERSION = YES_AGGRESSIVE;
				CLANG_CXX_LANGUAGE_STANDARD = "gnu++14";
				CLANG_CXX_LIBRARY = "libc++";
				CLANG_ENABLE_MODULES = YES;
				CLANG_ENABLE_OBJC_ARC = YES;
				CLANG_WARN_BLOCK_CAPTURE_AUTORELEASING = YES;
				CLANG_WARN_BOOL_CONVERSION = YES;
				CLANG_WARN_COMMA = YES;
				CLANG_WARN_CONSTANT_CONVERSION = YES;
				CLANG_WARN_DIRECT_OBJC_ISA_USAGE = YES_ERROR;
				CLANG_WARN_DOCUMENTATION_COMMENTS = YES;
				CLANG_WARN_EMPTY_BODY = YES;
				CLANG_WARN_ENUM_CONVERSION = YES;
				CLANG_WARN_INFINITE_RECURSION = YES;
				CLANG_WARN_INT_CONVERSION = YES;
				CLANG_WARN_NON_LITERAL_NULL_CONVERSION = YES;
				CLANG_WARN_OBJC_IMPLICIT_RETAIN_SELF = NO;
				CLANG_WARN_OBJC_LITERAL_CONVERSION = YES;
				CLANG_WARN_OBJC_ROOT_CLASS = YES_ERROR;
				CLANG_WARN_RANGE_LOOP_ANALYSIS = YES;
				CLANG_WARN_STRICT_PROTOTYPES = YES;
				CLANG_WARN_SUSPICIOUS_MOVE = YES;
				CLANG_WARN_UNGUARDED_AVAILABILITY = YES_AGGRESSIVE;
				CLANG_WARN_UNREACHABLE_CODE = YES;
				CLANG_WARN__DUPLICATE_METHOD_MATCH = YES;
				CODE_SIGN_IDENTITY = "iPhone Developer";
				COPY_PHASE_STRIP = NO;
				DEBUG_INFORMATION_FORMAT = dwarf;
				ENABLE_STRICT_OBJC_MSGSEND = YES;
				ENABLE_TESTABILITY = YES;
				GCC_C_LANGUAGE_STANDARD = gnu11;
				GCC_DYNAMIC_NO_PIC = NO;
				GCC_NO_COMMON_BLOCKS = YES;
				GCC_OPTIMIZATION_LEVEL = 0;
				GCC_PREPROCESSOR_DEFINITIONS = (
					"DEBUG=1",
					"$(inherited)",
				);
				GCC_WARN_64_TO_32_BIT_CONVERSION = YES;
				GCC_WARN_ABOUT_RETURN_TYPE = YES_ERROR;
				GCC_WARN_UNDECLARED_SELECTOR = YES;
				GCC_WARN_UNINITIALIZED_AUTOS = YES_AGGRESSIVE;
				GCC_WARN_UNUSED_FUNCTION = YES;
				GCC_WARN_UNUSED_VARIABLE = YES;
				IPHONEOS_DEPLOYMENT_TARGET = 10.0;
				MTL_ENABLE_DEBUG_INFO = YES;
				ONLY_ACTIVE_ARCH = YES;
				SDKROOT = iphoneos;
				SWIFT_ACTIVE_COMPILATION_CONDITIONS = DEBUG;
				SWIFT_OPTIMIZATION_LEVEL = "-Onone";
			};
			name = Debug;
		};
		CF76A1841FA9216000893C65 /* Release */ = {
			isa = XCBuildConfiguration;
			buildSettings = {
				ALWAYS_SEARCH_USER_PATHS = NO;
				CLANG_ANALYZER_NONNULL = YES;
				CLANG_ANALYZER_NUMBER_OBJECT_CONVERSION = YES_AGGRESSIVE;
				CLANG_CXX_LANGUAGE_STANDARD = "gnu++14";
				CLANG_CXX_LIBRARY = "libc++";
				CLANG_ENABLE_MODULES = YES;
				CLANG_ENABLE_OBJC_ARC = YES;
				CLANG_WARN_BLOCK_CAPTURE_AUTORELEASING = YES;
				CLANG_WARN_BOOL_CONVERSION = YES;
				CLANG_WARN_COMMA = YES;
				CLANG_WARN_CONSTANT_CONVERSION = YES;
				CLANG_WARN_DIRECT_OBJC_ISA_USAGE = YES_ERROR;
				CLANG_WARN_DOCUMENTATION_COMMENTS = YES;
				CLANG_WARN_EMPTY_BODY = YES;
				CLANG_WARN_ENUM_CONVERSION = YES;
				CLANG_WARN_INFINITE_RECURSION = YES;
				CLANG_WARN_INT_CONVERSION = YES;
				CLANG_WARN_NON_LITERAL_NULL_CONVERSION = YES;
				CLANG_WARN_OBJC_IMPLICIT_RETAIN_SELF = NO;
				CLANG_WARN_OBJC_LITERAL_CONVERSION = YES;
				CLANG_WARN_OBJC_ROOT_CLASS = YES_ERROR;
				CLANG_WARN_RANGE_LOOP_ANALYSIS = YES;
				CLANG_WARN_STRICT_PROTOTYPES = YES;
				CLANG_WARN_SUSPICIOUS_MOVE = YES;
				CLANG_WARN_UNGUARDED_AVAILABILITY = YES_AGGRESSIVE;
				CLANG_WARN_UNREACHABLE_CODE = YES;
				CLANG_WARN__DUPLICATE_METHOD_MATCH = YES;
				CODE_SIGN_IDENTITY = "iPhone Developer";
				COPY_PHASE_STRIP = NO;
				DEBUG_INFORMATION_FORMAT = "dwarf-with-dsym";
				ENABLE_NS_ASSERTIONS = NO;
				ENABLE_STRICT_OBJC_MSGSEND = YES;
				GCC_C_LANGUAGE_STANDARD = gnu11;
				GCC_NO_COMMON_BLOCKS = YES;
				GCC_WARN_64_TO_32_BIT_CONVERSION = YES;
				GCC_WARN_ABOUT_RETURN_TYPE = YES_ERROR;
				GCC_WARN_UNDECLARED_SELECTOR = YES;
				GCC_WARN_UNINITIALIZED_AUTOS = YES_AGGRESSIVE;
				GCC_WARN_UNUSED_FUNCTION = YES;
				GCC_WARN_UNUSED_VARIABLE = YES;
				IPHONEOS_DEPLOYMENT_TARGET = 10.0;
				MTL_ENABLE_DEBUG_INFO = NO;
				SDKROOT = iphoneos;
				SWIFT_OPTIMIZATION_LEVEL = "-Owholemodule";
				VALIDATE_PRODUCT = YES;
			};
			name = Release;
		};
		CF76A1861FA9216000893C65 /* Debug */ = {
			isa = XCBuildConfiguration;
			baseConfigurationReference = 16FD2C94326686661685BE8B /* Pods-Map_Geofencing.debug.xcconfig */;
			buildSettings = {
				ASSETCATALOG_COMPILER_APPICON_NAME = AppIcon;
				CODE_SIGN_ENTITLEMENTS = Map_Geofencing/Map_Geofencing.entitlements;
				CODE_SIGN_STYLE = Automatic;
				DEVELOPMENT_TEAM = TVHJ8VSCRK;
				FRAMEWORK_SEARCH_PATHS = (
					"$(inherited)",
					"$(PROJECT_DIR)",
				);
				INFOPLIST_FILE = "$(SRCROOT)/Map_Geofencing/Supporting Files/Info.plist";
				IPHONEOS_DEPLOYMENT_TARGET = 10.0;
				LD_RUNPATH_SEARCH_PATHS = "$(inherited) @executable_path/Frameworks";
				PRODUCT_BUNDLE_IDENTIFIER = "com.ytk.Map-Geofencing";
				PRODUCT_NAME = "$(TARGET_NAME)";
				SWIFT_SWIFT3_OBJC_INFERENCE = Default;
				SWIFT_VERSION = 4.0;
				TARGETED_DEVICE_FAMILY = "1,2";
			};
			name = Debug;
		};
		CF76A1871FA9216000893C65 /* Release */ = {
			isa = XCBuildConfiguration;
			baseConfigurationReference = D384E29453D278ED30EA035D /* Pods-Map_Geofencing.release.xcconfig */;
			buildSettings = {
				ASSETCATALOG_COMPILER_APPICON_NAME = AppIcon;
				CODE_SIGN_ENTITLEMENTS = Map_Geofencing/Map_Geofencing.entitlements;
				CODE_SIGN_STYLE = Automatic;
				DEVELOPMENT_TEAM = TVHJ8VSCRK;
				FRAMEWORK_SEARCH_PATHS = (
					"$(inherited)",
					"$(PROJECT_DIR)",
				);
				INFOPLIST_FILE = "$(SRCROOT)/Map_Geofencing/Supporting Files/Info.plist";
				IPHONEOS_DEPLOYMENT_TARGET = 10.0;
				LD_RUNPATH_SEARCH_PATHS = "$(inherited) @executable_path/Frameworks";
				PRODUCT_BUNDLE_IDENTIFIER = "com.ytk.Map-Geofencing";
				PRODUCT_NAME = "$(TARGET_NAME)";
				SWIFT_SWIFT3_OBJC_INFERENCE = Default;
				SWIFT_VERSION = 4.0;
				TARGETED_DEVICE_FAMILY = "1,2";
			};
			name = Release;
		};
		CF76A1891FA9216000893C65 /* Debug */ = {
			isa = XCBuildConfiguration;
			baseConfigurationReference = 7B9B792CAE62441320E0098E /* Pods-Map_GeofencingTests.debug.xcconfig */;
			buildSettings = {
				ALWAYS_EMBED_SWIFT_STANDARD_LIBRARIES = YES;
				BUNDLE_LOADER = "$(TEST_HOST)";
				CODE_SIGN_STYLE = Automatic;
				DEVELOPMENT_TEAM = TVHJ8VSCRK;
				INFOPLIST_FILE = Map_GeofencingTests/Info.plist;
				IPHONEOS_DEPLOYMENT_TARGET = 10.3;
				LD_RUNPATH_SEARCH_PATHS = "$(inherited) @executable_path/Frameworks @loader_path/Frameworks";
				PRODUCT_BUNDLE_IDENTIFIER = "com.ytk.Map-GeofencingTests";
				PRODUCT_NAME = "$(TARGET_NAME)";
				SWIFT_SWIFT3_OBJC_INFERENCE = Default;
				SWIFT_VERSION = 4.0;
				TARGETED_DEVICE_FAMILY = "1,2";
				TEST_HOST = "$(BUILT_PRODUCTS_DIR)/Map_Geofencing.app/Map_Geofencing";
			};
			name = Debug;
		};
		CF76A18A1FA9216000893C65 /* Release */ = {
			isa = XCBuildConfiguration;
			baseConfigurationReference = 7F5EFED71ADC3F3A4290E80C /* Pods-Map_GeofencingTests.release.xcconfig */;
			buildSettings = {
				ALWAYS_EMBED_SWIFT_STANDARD_LIBRARIES = YES;
				BUNDLE_LOADER = "$(TEST_HOST)";
				CODE_SIGN_STYLE = Automatic;
				DEVELOPMENT_TEAM = TVHJ8VSCRK;
				INFOPLIST_FILE = Map_GeofencingTests/Info.plist;
				IPHONEOS_DEPLOYMENT_TARGET = 10.3;
				LD_RUNPATH_SEARCH_PATHS = "$(inherited) @executable_path/Frameworks @loader_path/Frameworks";
				PRODUCT_BUNDLE_IDENTIFIER = "com.ytk.Map-GeofencingTests";
				PRODUCT_NAME = "$(TARGET_NAME)";
				SWIFT_SWIFT3_OBJC_INFERENCE = Default;
				SWIFT_VERSION = 4.0;
				TARGETED_DEVICE_FAMILY = "1,2";
				TEST_HOST = "$(BUILT_PRODUCTS_DIR)/Map_Geofencing.app/Map_Geofencing";
			};
			name = Release;
		};
		CF76A18C1FA9216000893C65 /* Debug */ = {
			isa = XCBuildConfiguration;
			baseConfigurationReference = 690872664BDE4A5CA6C669D2 /* Pods-Map_GeofencingUITests.debug.xcconfig */;
			buildSettings = {
				ALWAYS_EMBED_SWIFT_STANDARD_LIBRARIES = YES;
				CODE_SIGN_STYLE = Automatic;
				DEVELOPMENT_TEAM = TVHJ8VSCRK;
				INFOPLIST_FILE = Map_GeofencingUITests/Info.plist;
				IPHONEOS_DEPLOYMENT_TARGET = 10.3;
				LD_RUNPATH_SEARCH_PATHS = "$(inherited) @executable_path/Frameworks @loader_path/Frameworks";
				PRODUCT_BUNDLE_IDENTIFIER = "com.ytk.Map-GeofencingUITests";
				PRODUCT_NAME = "$(TARGET_NAME)";
				SWIFT_SWIFT3_OBJC_INFERENCE = Default;
				SWIFT_VERSION = 4.0;
				TARGETED_DEVICE_FAMILY = "1,2";
				TEST_TARGET_NAME = Map_Geofencing;
			};
			name = Debug;
		};
		CF76A18D1FA9216000893C65 /* Release */ = {
			isa = XCBuildConfiguration;
			baseConfigurationReference = FBDC9E65F6A2921D234C3F78 /* Pods-Map_GeofencingUITests.release.xcconfig */;
			buildSettings = {
				ALWAYS_EMBED_SWIFT_STANDARD_LIBRARIES = YES;
				CODE_SIGN_STYLE = Automatic;
				DEVELOPMENT_TEAM = TVHJ8VSCRK;
				INFOPLIST_FILE = Map_GeofencingUITests/Info.plist;
				IPHONEOS_DEPLOYMENT_TARGET = 10.3;
				LD_RUNPATH_SEARCH_PATHS = "$(inherited) @executable_path/Frameworks @loader_path/Frameworks";
				PRODUCT_BUNDLE_IDENTIFIER = "com.ytk.Map-GeofencingUITests";
				PRODUCT_NAME = "$(TARGET_NAME)";
				SWIFT_SWIFT3_OBJC_INFERENCE = Default;
				SWIFT_VERSION = 4.0;
				TARGETED_DEVICE_FAMILY = "1,2";
				TEST_TARGET_NAME = Map_Geofencing;
			};
			name = Release;
		};
/* End XCBuildConfiguration section */

/* Begin XCConfigurationList section */
		CF76A1581FA9215F00893C65 /* Build configuration list for PBXProject "Map_Geofencing" */ = {
			isa = XCConfigurationList;
			buildConfigurations = (
				CF76A1831FA9216000893C65 /* Debug */,
				CF76A1841FA9216000893C65 /* Release */,
			);
			defaultConfigurationIsVisible = 0;
			defaultConfigurationName = Release;
		};
		CF76A1851FA9216000893C65 /* Build configuration list for PBXNativeTarget "Map_Geofencing" */ = {
			isa = XCConfigurationList;
			buildConfigurations = (
				CF76A1861FA9216000893C65 /* Debug */,
				CF76A1871FA9216000893C65 /* Release */,
			);
			defaultConfigurationIsVisible = 0;
			defaultConfigurationName = Release;
		};
		CF76A1881FA9216000893C65 /* Build configuration list for PBXNativeTarget "Map_GeofencingTests" */ = {
			isa = XCConfigurationList;
			buildConfigurations = (
				CF76A1891FA9216000893C65 /* Debug */,
				CF76A18A1FA9216000893C65 /* Release */,
			);
			defaultConfigurationIsVisible = 0;
			defaultConfigurationName = Release;
		};
		CF76A18B1FA9216000893C65 /* Build configuration list for PBXNativeTarget "Map_GeofencingUITests" */ = {
			isa = XCConfigurationList;
			buildConfigurations = (
				CF76A18C1FA9216000893C65 /* Debug */,
				CF76A18D1FA9216000893C65 /* Release */,
			);
			defaultConfigurationIsVisible = 0;
			defaultConfigurationName = Release;
		};
/* End XCConfigurationList section */

/* Begin XCVersionGroup section */
		CF4FB2381FCE545E00CC885E /* SFBG.xcdatamodeld */ = {
			isa = XCVersionGroup;
			children = (
				CF631B9B200047DE00A0E6AA /* SFBG 8.xcdatamodel */,
				CF8A070F1FEF67BA005F9C19 /* SFBG 7.xcdatamodel */,
				CF8A070E1FEE3588005F9C19 /* SFBG 6.xcdatamodel */,
				CFE592A11FDF4A5100F0BBE2 /* SFBG 5.xcdatamodel */,
				CFD3C25D1FD908FB0084637B /* SFBG 4.xcdatamodel */,
				CFD3C2501FD8C68B0084637B /* SFBG 3.xcdatamodel */,
				CFD3C24E1FD7BCF00084637B /* SFBG 2.xcdatamodel */,
				CF4FB2391FCE545E00CC885E /* SFBG.xcdatamodel */,
			);
			currentVersion = CF8A070F1FEF67BA005F9C19 /* SFBG 7.xcdatamodel */;
			path = SFBG.xcdatamodeld;
			sourceTree = "<group>";
			versionGroupType = wrapper.xcdatamodel;
		};
/* End XCVersionGroup section */
	};
	rootObject = CF76A1551FA9215F00893C65 /* Project object */;
}
