// !$*UTF8*$!
{
	archiveVersion = 1;
	classes = {
	};
	objectVersion = 48;
	objects = {

/* Begin PBXBuildFile section */
		04DC8505E2302726EE13D7F3 /* Pods_Map_Geofencing.framework in Frameworks */ = {isa = PBXBuildFile; fileRef = 6067150AAF7D6545134DE17A /* Pods_Map_Geofencing.framework */; };
		C369BFD400900A5AEFA7A8FE /* Pods_Map_GeofencingUITests.framework in Frameworks */ = {isa = PBXBuildFile; fileRef = 89734ED9005D0350BFC9A3FC /* Pods_Map_GeofencingUITests.framework */; };
		CF369D261FE0A8B10064E251 /* HeaderView.swift in Sources */ = {isa = PBXBuildFile; fileRef = CF369D251FE0A8B10064E251 /* HeaderView.swift */; };
		CF369D2A1FE0A9630064E251 /* HeaderView.xib in Resources */ = {isa = PBXBuildFile; fileRef = CF369D291FE0A9630064E251 /* HeaderView.xib */; };
		CF4FB23A1FCE545E00CC885E /* SFBG.xcdatamodeld in Sources */ = {isa = PBXBuildFile; fileRef = CF4FB2381FCE545E00CC885E /* SFBG.xcdatamodeld */; };
		CF4FB23C1FCE9E9A00CC885E /* FavoriteViewController.swift in Sources */ = {isa = PBXBuildFile; fileRef = CF4FB23B1FCE9E9A00CC885E /* FavoriteViewController.swift */; };
		CF4FB23E1FCE9EF000CC885E /* ProfileViewController.swift in Sources */ = {isa = PBXBuildFile; fileRef = CF4FB23D1FCE9EF000CC885E /* ProfileViewController.swift */; };
		CF4FB2421FCFB48D00CC885E /* seed.json in Resources */ = {isa = PBXBuildFile; fileRef = CF4FB2411FCFB48D00CC885E /* seed.json */; };
		CF4FB2501FD1215D00CC885E /* MapViewController.swift in Sources */ = {isa = PBXBuildFile; fileRef = CF4FB24F1FD1215D00CC885E /* MapViewController.swift */; };
		CF4FB2541FD2816B00CC885E /* FavoriteTableViewCell.swift in Sources */ = {isa = PBXBuildFile; fileRef = CF4FB2531FD2816B00CC885E /* FavoriteTableViewCell.swift */; };
		CF76A1611FA9216000893C65 /* AppDelegate.swift in Sources */ = {isa = PBXBuildFile; fileRef = CF76A1601FA9216000893C65 /* AppDelegate.swift */; };
		CF76A1661FA9216000893C65 /* Main.storyboard in Resources */ = {isa = PBXBuildFile; fileRef = CF76A1641FA9216000893C65 /* Main.storyboard */; };
		CF76A16B1FA9216000893C65 /* LaunchScreen.storyboard in Resources */ = {isa = PBXBuildFile; fileRef = CF76A1691FA9216000893C65 /* LaunchScreen.storyboard */; };
		CF76A1761FA9216000893C65 /* Map_GeofencingTests.swift in Sources */ = {isa = PBXBuildFile; fileRef = CF76A1751FA9216000893C65 /* Map_GeofencingTests.swift */; };
		CF76A1811FA9216000893C65 /* Map_GeofencingUITests.swift in Sources */ = {isa = PBXBuildFile; fileRef = CF76A1801FA9216000893C65 /* Map_GeofencingUITests.swift */; };
		CF76A1921FA92B7F00893C65 /* Default-568h@2x.png in Resources */ = {isa = PBXBuildFile; fileRef = CF76A1911FA92B7F00893C65 /* Default-568h@2x.png */; };
		CF97BEDE1FCDD67500E9931C /* style.json in Resources */ = {isa = PBXBuildFile; fileRef = CF97BEDD1FCDD67500E9931C /* style.json */; };
		CF97BEE21FCDEA7300E9931C /* PlantTableViewController.swift in Sources */ = {isa = PBXBuildFile; fileRef = CF97BEE11FCDEA7300E9931C /* PlantTableViewController.swift */; };
		CF97BEE41FCDEEA000E9931C /* PlantTableViewCell.swift in Sources */ = {isa = PBXBuildFile; fileRef = CF97BEE31FCDEEA000E9931C /* PlantTableViewCell.swift */; };
		CF97BEE81FCDF75B00E9931C /* Assets.xcassets in Resources */ = {isa = PBXBuildFile; fileRef = CF97BEE71FCDF75B00E9931C /* Assets.xcassets */; };
		CF97BEEA1FCDFFB100E9931C /* DetailViewController.swift in Sources */ = {isa = PBXBuildFile; fileRef = CF97BEE91FCDFFB100E9931C /* DetailViewController.swift */; };
		CFD3C24D1FD7BAE20084637B /* PhotoStore.swift in Sources */ = {isa = PBXBuildFile; fileRef = CFD3C24C1FD7BAE20084637B /* PhotoStore.swift */; };
		CFD3C2711FDD0C7C0084637B /* PlantNameTableViewCell.swift in Sources */ = {isa = PBXBuildFile; fileRef = CFD3C26F1FDD0C7C0084637B /* PlantNameTableViewCell.swift */; };
		CFD3C2721FDD0C7C0084637B /* PlantNameTableViewCell.xib in Resources */ = {isa = PBXBuildFile; fileRef = CFD3C2701FDD0C7C0084637B /* PlantNameTableViewCell.xib */; };
		CFD3C2751FDD1B970084637B /* PlantPropertiesTableViewCell.swift in Sources */ = {isa = PBXBuildFile; fileRef = CFD3C2731FDD1B970084637B /* PlantPropertiesTableViewCell.swift */; };
		CFD3C2761FDD1B970084637B /* PlantPropertiesTableViewCell.xib in Resources */ = {isa = PBXBuildFile; fileRef = CFD3C2741FDD1B970084637B /* PlantPropertiesTableViewCell.xib */; };
		CFD3C2791FDE3A7A0084637B /* PlantViewModel.swift in Sources */ = {isa = PBXBuildFile; fileRef = CFD3C2781FDE3A7A0084637B /* PlantViewModel.swift */; };
		CFD3C27C1FDE48500084637B /* PlantPhotosTableViewCell.swift in Sources */ = {isa = PBXBuildFile; fileRef = CFD3C27A1FDE48500084637B /* PlantPhotosTableViewCell.swift */; };
		CFD3C27D1FDE48500084637B /* PlantPhotosTableViewCell.xib in Resources */ = {isa = PBXBuildFile; fileRef = CFD3C27B1FDE48500084637B /* PlantPhotosTableViewCell.xib */; };
		CFE592A81FDF4C9D00F0BBE2 /* User+CoreDataClass.swift in Sources */ = {isa = PBXBuildFile; fileRef = CFE592A21FDF4C9D00F0BBE2 /* User+CoreDataClass.swift */; };
		CFE592A91FDF4C9D00F0BBE2 /* User+CoreDataProperties.swift in Sources */ = {isa = PBXBuildFile; fileRef = CFE592A31FDF4C9D00F0BBE2 /* User+CoreDataProperties.swift */; };
		CFE592AA1FDF4C9D00F0BBE2 /* Photo+CoreDataClass.swift in Sources */ = {isa = PBXBuildFile; fileRef = CFE592A41FDF4C9D00F0BBE2 /* Photo+CoreDataClass.swift */; };
		CFE592AB1FDF4C9D00F0BBE2 /* Photo+CoreDataProperties.swift in Sources */ = {isa = PBXBuildFile; fileRef = CFE592A51FDF4C9D00F0BBE2 /* Photo+CoreDataProperties.swift */; };
		CFE592AC1FDF4C9D00F0BBE2 /* Plant+CoreDataClass.swift in Sources */ = {isa = PBXBuildFile; fileRef = CFE592A61FDF4C9D00F0BBE2 /* Plant+CoreDataClass.swift */; };
		CFE592AD1FDF4C9D00F0BBE2 /* Plant+CoreDataProperties.swift in Sources */ = {isa = PBXBuildFile; fileRef = CFE592A71FDF4C9D00F0BBE2 /* Plant+CoreDataProperties.swift */; };
		D5F649EF935D3035F6920A22 /* Pods_Map_GeofencingTests.framework in Frameworks */ = {isa = PBXBuildFile; fileRef = 247BD9A1F272140DB7822364 /* Pods_Map_GeofencingTests.framework */; };
/* End PBXBuildFile section */

/* Begin PBXContainerItemProxy section */
		CF76A1721FA9216000893C65 /* PBXContainerItemProxy */ = {
			isa = PBXContainerItemProxy;
			containerPortal = CF76A1551FA9215F00893C65 /* Project object */;
			proxyType = 1;
			remoteGlobalIDString = CF76A15C1FA9216000893C65;
			remoteInfo = Map_Geofencing;
		};
		CF76A17D1FA9216000893C65 /* PBXContainerItemProxy */ = {
			isa = PBXContainerItemProxy;
			containerPortal = CF76A1551FA9215F00893C65 /* Project object */;
			proxyType = 1;
			remoteGlobalIDString = CF76A15C1FA9216000893C65;
			remoteInfo = Map_Geofencing;
		};
/* End PBXContainerItemProxy section */

/* Begin PBXFileReference section */
		247BD9A1F272140DB7822364 /* Pods_Map_GeofencingTests.framework */ = {isa = PBXFileReference; explicitFileType = wrapper.framework; includeInIndex = 0; path = Pods_Map_GeofencingTests.framework; sourceTree = BUILT_PRODUCTS_DIR; };
		31BE1C5E7C7C5310182497BE /* Pods-Map_Geofencing.debug.xcconfig */ = {isa = PBXFileReference; includeInIndex = 1; lastKnownFileType = text.xcconfig; name = "Pods-Map_Geofencing.debug.xcconfig"; path = "Pods/Target Support Files/Pods-Map_Geofencing/Pods-Map_Geofencing.debug.xcconfig"; sourceTree = "<group>"; };
		41086AFAD01C348A20E65FEB /* Pods-Map_GeofencingTests.release.xcconfig */ = {isa = PBXFileReference; includeInIndex = 1; lastKnownFileType = text.xcconfig; name = "Pods-Map_GeofencingTests.release.xcconfig"; path = "Pods/Target Support Files/Pods-Map_GeofencingTests/Pods-Map_GeofencingTests.release.xcconfig"; sourceTree = "<group>"; };
		5ACE0610F24A9963DF58479B /* Pods-Map_GeofencingUITests.release.xcconfig */ = {isa = PBXFileReference; includeInIndex = 1; lastKnownFileType = text.xcconfig; name = "Pods-Map_GeofencingUITests.release.xcconfig"; path = "Pods/Target Support Files/Pods-Map_GeofencingUITests/Pods-Map_GeofencingUITests.release.xcconfig"; sourceTree = "<group>"; };
		6067150AAF7D6545134DE17A /* Pods_Map_Geofencing.framework */ = {isa = PBXFileReference; explicitFileType = wrapper.framework; includeInIndex = 0; path = Pods_Map_Geofencing.framework; sourceTree = BUILT_PRODUCTS_DIR; };
		64749C65EF8459BEF4CA9131 /* Pods-Map_Geofencing.release.xcconfig */ = {isa = PBXFileReference; includeInIndex = 1; lastKnownFileType = text.xcconfig; name = "Pods-Map_Geofencing.release.xcconfig"; path = "Pods/Target Support Files/Pods-Map_Geofencing/Pods-Map_Geofencing.release.xcconfig"; sourceTree = "<group>"; };
		89734ED9005D0350BFC9A3FC /* Pods_Map_GeofencingUITests.framework */ = {isa = PBXFileReference; explicitFileType = wrapper.framework; includeInIndex = 0; path = Pods_Map_GeofencingUITests.framework; sourceTree = BUILT_PRODUCTS_DIR; };
		B8EF0CF4BBDB2906C3471125 /* Pods-Map_GeofencingTests.debug.xcconfig */ = {isa = PBXFileReference; includeInIndex = 1; lastKnownFileType = text.xcconfig; name = "Pods-Map_GeofencingTests.debug.xcconfig"; path = "Pods/Target Support Files/Pods-Map_GeofencingTests/Pods-Map_GeofencingTests.debug.xcconfig"; sourceTree = "<group>"; };
		CF369D251FE0A8B10064E251 /* HeaderView.swift */ = {isa = PBXFileReference; fileEncoding = 4; lastKnownFileType = sourcecode.swift; path = HeaderView.swift; sourceTree = "<group>"; };
		CF369D291FE0A9630064E251 /* HeaderView.xib */ = {isa = PBXFileReference; fileEncoding = 4; lastKnownFileType = file.xib; path = HeaderView.xib; sourceTree = "<group>"; };
		CF4FB2391FCE545E00CC885E /* SFBG.xcdatamodel */ = {isa = PBXFileReference; lastKnownFileType = wrapper.xcdatamodel; path = SFBG.xcdatamodel; sourceTree = "<group>"; };
		CF4FB23B1FCE9E9A00CC885E /* FavoriteViewController.swift */ = {isa = PBXFileReference; fileEncoding = 4; lastKnownFileType = sourcecode.swift; path = FavoriteViewController.swift; sourceTree = "<group>"; };
		CF4FB23D1FCE9EF000CC885E /* ProfileViewController.swift */ = {isa = PBXFileReference; fileEncoding = 4; lastKnownFileType = sourcecode.swift; path = ProfileViewController.swift; sourceTree = "<group>"; };
		CF4FB2411FCFB48D00CC885E /* seed.json */ = {isa = PBXFileReference; fileEncoding = 4; lastKnownFileType = text.json; path = seed.json; sourceTree = "<group>"; };
		CF4FB24F1FD1215D00CC885E /* MapViewController.swift */ = {isa = PBXFileReference; fileEncoding = 4; lastKnownFileType = sourcecode.swift; path = MapViewController.swift; sourceTree = "<group>"; };
		CF4FB2531FD2816B00CC885E /* FavoriteTableViewCell.swift */ = {isa = PBXFileReference; fileEncoding = 4; lastKnownFileType = sourcecode.swift; name = FavoriteTableViewCell.swift; path = ViewControllers/FavoriteTableViewCell.swift; sourceTree = "<group>"; };
		CF76A15D1FA9216000893C65 /* Map_Geofencing.app */ = {isa = PBXFileReference; explicitFileType = wrapper.application; includeInIndex = 0; path = Map_Geofencing.app; sourceTree = BUILT_PRODUCTS_DIR; };
		CF76A1601FA9216000893C65 /* AppDelegate.swift */ = {isa = PBXFileReference; lastKnownFileType = sourcecode.swift; path = AppDelegate.swift; sourceTree = "<group>"; };
		CF76A1651FA9216000893C65 /* Base */ = {isa = PBXFileReference; lastKnownFileType = file.storyboard; name = Base; path = Base.lproj/Main.storyboard; sourceTree = "<group>"; };
		CF76A16A1FA9216000893C65 /* Base */ = {isa = PBXFileReference; lastKnownFileType = file.storyboard; name = Base; path = Base.lproj/LaunchScreen.storyboard; sourceTree = "<group>"; };
		CF76A16C1FA9216000893C65 /* Info.plist */ = {isa = PBXFileReference; lastKnownFileType = text.plist.xml; path = Info.plist; sourceTree = "<group>"; };
		CF76A1711FA9216000893C65 /* Map_GeofencingTests.xctest */ = {isa = PBXFileReference; explicitFileType = wrapper.cfbundle; includeInIndex = 0; path = Map_GeofencingTests.xctest; sourceTree = BUILT_PRODUCTS_DIR; };
		CF76A1751FA9216000893C65 /* Map_GeofencingTests.swift */ = {isa = PBXFileReference; lastKnownFileType = sourcecode.swift; path = Map_GeofencingTests.swift; sourceTree = "<group>"; };
		CF76A1771FA9216000893C65 /* Info.plist */ = {isa = PBXFileReference; lastKnownFileType = text.plist.xml; path = Info.plist; sourceTree = "<group>"; };
		CF76A17C1FA9216000893C65 /* Map_GeofencingUITests.xctest */ = {isa = PBXFileReference; explicitFileType = wrapper.cfbundle; includeInIndex = 0; path = Map_GeofencingUITests.xctest; sourceTree = BUILT_PRODUCTS_DIR; };
		CF76A1801FA9216000893C65 /* Map_GeofencingUITests.swift */ = {isa = PBXFileReference; lastKnownFileType = sourcecode.swift; path = Map_GeofencingUITests.swift; sourceTree = "<group>"; };
		CF76A1821FA9216000893C65 /* Info.plist */ = {isa = PBXFileReference; lastKnownFileType = text.plist.xml; path = Info.plist; sourceTree = "<group>"; };
		CF76A1911FA92B7F00893C65 /* Default-568h@2x.png */ = {isa = PBXFileReference; lastKnownFileType = image.png; path = "Default-568h@2x.png"; sourceTree = "<group>"; };
		CF97BEDD1FCDD67500E9931C /* style.json */ = {isa = PBXFileReference; fileEncoding = 4; lastKnownFileType = text.json; name = style.json; path = ../style.json; sourceTree = "<group>"; };
		CF97BEE11FCDEA7300E9931C /* PlantTableViewController.swift */ = {isa = PBXFileReference; fileEncoding = 4; lastKnownFileType = sourcecode.swift; path = PlantTableViewController.swift; sourceTree = "<group>"; };
		CF97BEE31FCDEEA000E9931C /* PlantTableViewCell.swift */ = {isa = PBXFileReference; fileEncoding = 4; lastKnownFileType = sourcecode.swift; name = PlantTableViewCell.swift; path = ViewControllers/PlantTableViewCell.swift; sourceTree = "<group>"; };
		CF97BEE71FCDF75B00E9931C /* Assets.xcassets */ = {isa = PBXFileReference; lastKnownFileType = folder.assetcatalog; path = Assets.xcassets; sourceTree = "<group>"; };
		CF97BEE91FCDFFB100E9931C /* DetailViewController.swift */ = {isa = PBXFileReference; fileEncoding = 4; lastKnownFileType = sourcecode.swift; path = DetailViewController.swift; sourceTree = "<group>"; };
		CFD3C24C1FD7BAE20084637B /* PhotoStore.swift */ = {isa = PBXFileReference; fileEncoding = 4; lastKnownFileType = sourcecode.swift; path = PhotoStore.swift; sourceTree = "<group>"; };
		CFD3C24E1FD7BCF00084637B /* SFBG 2.xcdatamodel */ = {isa = PBXFileReference; lastKnownFileType = wrapper.xcdatamodel; path = "SFBG 2.xcdatamodel"; sourceTree = "<group>"; };
		CFD3C2501FD8C68B0084637B /* SFBG 3.xcdatamodel */ = {isa = PBXFileReference; lastKnownFileType = wrapper.xcdatamodel; path = "SFBG 3.xcdatamodel"; sourceTree = "<group>"; };
		CFD3C25D1FD908FB0084637B /* SFBG 4.xcdatamodel */ = {isa = PBXFileReference; lastKnownFileType = wrapper.xcdatamodel; path = "SFBG 4.xcdatamodel"; sourceTree = "<group>"; };
		CFD3C26F1FDD0C7C0084637B /* PlantNameTableViewCell.swift */ = {isa = PBXFileReference; fileEncoding = 4; lastKnownFileType = sourcecode.swift; path = PlantNameTableViewCell.swift; sourceTree = "<group>"; };
		CFD3C2701FDD0C7C0084637B /* PlantNameTableViewCell.xib */ = {isa = PBXFileReference; fileEncoding = 4; lastKnownFileType = file.xib; path = PlantNameTableViewCell.xib; sourceTree = "<group>"; };
		CFD3C2731FDD1B970084637B /* PlantPropertiesTableViewCell.swift */ = {isa = PBXFileReference; fileEncoding = 4; lastKnownFileType = sourcecode.swift; path = PlantPropertiesTableViewCell.swift; sourceTree = "<group>"; };
		CFD3C2741FDD1B970084637B /* PlantPropertiesTableViewCell.xib */ = {isa = PBXFileReference; fileEncoding = 4; lastKnownFileType = file.xib; path = PlantPropertiesTableViewCell.xib; sourceTree = "<group>"; };
		CFD3C2781FDE3A7A0084637B /* PlantViewModel.swift */ = {isa = PBXFileReference; fileEncoding = 4; lastKnownFileType = sourcecode.swift; path = PlantViewModel.swift; sourceTree = "<group>"; };
		CFD3C27A1FDE48500084637B /* PlantPhotosTableViewCell.swift */ = {isa = PBXFileReference; fileEncoding = 4; lastKnownFileType = sourcecode.swift; path = PlantPhotosTableViewCell.swift; sourceTree = "<group>"; };
		CFD3C27B1FDE48500084637B /* PlantPhotosTableViewCell.xib */ = {isa = PBXFileReference; fileEncoding = 4; lastKnownFileType = file.xib; path = PlantPhotosTableViewCell.xib; sourceTree = "<group>"; };
		CFE592A11FDF4A5100F0BBE2 /* SFBG 5.xcdatamodel */ = {isa = PBXFileReference; lastKnownFileType = wrapper.xcdatamodel; path = "SFBG 5.xcdatamodel"; sourceTree = "<group>"; };
		CFE592A21FDF4C9D00F0BBE2 /* User+CoreDataClass.swift */ = {isa = PBXFileReference; fileEncoding = 4; lastKnownFileType = sourcecode.swift; path = "User+CoreDataClass.swift"; sourceTree = "<group>"; };
		CFE592A31FDF4C9D00F0BBE2 /* User+CoreDataProperties.swift */ = {isa = PBXFileReference; fileEncoding = 4; lastKnownFileType = sourcecode.swift; path = "User+CoreDataProperties.swift"; sourceTree = "<group>"; };
		CFE592A41FDF4C9D00F0BBE2 /* Photo+CoreDataClass.swift */ = {isa = PBXFileReference; fileEncoding = 4; lastKnownFileType = sourcecode.swift; path = "Photo+CoreDataClass.swift"; sourceTree = "<group>"; };
		CFE592A51FDF4C9D00F0BBE2 /* Photo+CoreDataProperties.swift */ = {isa = PBXFileReference; fileEncoding = 4; lastKnownFileType = sourcecode.swift; path = "Photo+CoreDataProperties.swift"; sourceTree = "<group>"; };
		CFE592A61FDF4C9D00F0BBE2 /* Plant+CoreDataClass.swift */ = {isa = PBXFileReference; fileEncoding = 4; lastKnownFileType = sourcecode.swift; path = "Plant+CoreDataClass.swift"; sourceTree = "<group>"; };
		CFE592A71FDF4C9D00F0BBE2 /* Plant+CoreDataProperties.swift */ = {isa = PBXFileReference; fileEncoding = 4; lastKnownFileType = sourcecode.swift; path = "Plant+CoreDataProperties.swift"; sourceTree = "<group>"; };
		F4729FEB26920090F10DFB1A /* Pods-Map_GeofencingUITests.debug.xcconfig */ = {isa = PBXFileReference; includeInIndex = 1; lastKnownFileType = text.xcconfig; name = "Pods-Map_GeofencingUITests.debug.xcconfig"; path = "Pods/Target Support Files/Pods-Map_GeofencingUITests/Pods-Map_GeofencingUITests.debug.xcconfig"; sourceTree = "<group>"; };
/* End PBXFileReference section */

/* Begin PBXFrameworksBuildPhase section */
		CF76A15A1FA9216000893C65 /* Frameworks */ = {
			isa = PBXFrameworksBuildPhase;
			buildActionMask = 2147483647;
			files = (
				04DC8505E2302726EE13D7F3 /* Pods_Map_Geofencing.framework in Frameworks */,
			);
			runOnlyForDeploymentPostprocessing = 0;
		};
		CF76A16E1FA9216000893C65 /* Frameworks */ = {
			isa = PBXFrameworksBuildPhase;
			buildActionMask = 2147483647;
			files = (
				D5F649EF935D3035F6920A22 /* Pods_Map_GeofencingTests.framework in Frameworks */,
			);
			runOnlyForDeploymentPostprocessing = 0;
		};
		CF76A1791FA9216000893C65 /* Frameworks */ = {
			isa = PBXFrameworksBuildPhase;
			buildActionMask = 2147483647;
			files = (
				C369BFD400900A5AEFA7A8FE /* Pods_Map_GeofencingUITests.framework in Frameworks */,
			);
			runOnlyForDeploymentPostprocessing = 0;
		};
/* End PBXFrameworksBuildPhase section */

/* Begin PBXGroup section */
		82779B0D7802975FAE02C2E1 /* Pods */ = {
			isa = PBXGroup;
			children = (
				31BE1C5E7C7C5310182497BE /* Pods-Map_Geofencing.debug.xcconfig */,
				64749C65EF8459BEF4CA9131 /* Pods-Map_Geofencing.release.xcconfig */,
				B8EF0CF4BBDB2906C3471125 /* Pods-Map_GeofencingTests.debug.xcconfig */,
				41086AFAD01C348A20E65FEB /* Pods-Map_GeofencingTests.release.xcconfig */,
				F4729FEB26920090F10DFB1A /* Pods-Map_GeofencingUITests.debug.xcconfig */,
				5ACE0610F24A9963DF58479B /* Pods-Map_GeofencingUITests.release.xcconfig */,
			);
			name = Pods;
			sourceTree = "<group>";
		};
		CF4FB2351FCE3E9600CC885E /* Model */ = {
			isa = PBXGroup;
			children = (
				CFE592A21FDF4C9D00F0BBE2 /* User+CoreDataClass.swift */,
				CFE592A31FDF4C9D00F0BBE2 /* User+CoreDataProperties.swift */,
				CFE592A41FDF4C9D00F0BBE2 /* Photo+CoreDataClass.swift */,
				CFE592A51FDF4C9D00F0BBE2 /* Photo+CoreDataProperties.swift */,
				CFE592A61FDF4C9D00F0BBE2 /* Plant+CoreDataClass.swift */,
				CFE592A71FDF4C9D00F0BBE2 /* Plant+CoreDataProperties.swift */,
				CF4FB2381FCE545E00CC885E /* SFBG.xcdatamodeld */,
			);
			name = Model;
			sourceTree = "<group>";
		};
		CF76A1541FA9215F00893C65 = {
			isa = PBXGroup;
			children = (
				CF76A15F1FA9216000893C65 /* Map_Geofencing */,
				CF76A1741FA9216000893C65 /* Map_GeofencingTests */,
				CF76A17F1FA9216000893C65 /* Map_GeofencingUITests */,
				CF76A15E1FA9216000893C65 /* Products */,
				82779B0D7802975FAE02C2E1 /* Pods */,
				D27A09E2DC0ACB93178F2DF2 /* Frameworks */,
			);
			sourceTree = "<group>";
		};
		CF76A15E1FA9216000893C65 /* Products */ = {
			isa = PBXGroup;
			children = (
				CF76A15D1FA9216000893C65 /* Map_Geofencing.app */,
				CF76A1711FA9216000893C65 /* Map_GeofencingTests.xctest */,
				CF76A17C1FA9216000893C65 /* Map_GeofencingUITests.xctest */,
			);
			name = Products;
			sourceTree = "<group>";
		};
		CF76A15F1FA9216000893C65 /* Map_Geofencing */ = {
			isa = PBXGroup;
			children = (
				CF76A1601FA9216000893C65 /* AppDelegate.swift */,
				CF4FB2411FCFB48D00CC885E /* seed.json */,
				CFD3C26E1FDD0B120084637B /* Storyboards */,
				CFD3C26B1FDD09F90084637B /* Views */,
				CFD3C2771FDE3A5E0084637B /* PlantViewModel */,
				CF76A18F1FA92B4400893C65 /* ViewControllers */,
				CFD3C24B1FD7BAA80084637B /* ModelControllers */,
				CF4FB2351FCE3E9600CC885E /* Model */,
				CF76A1901FA92B6300893C65 /* Assets */,
				CF76A18E1FA92B3A00893C65 /* Supporting Files */,
			);
			path = Map_Geofencing;
			sourceTree = "<group>";
		};
		CF76A1741FA9216000893C65 /* Map_GeofencingTests */ = {
			isa = PBXGroup;
			children = (
				CF76A1751FA9216000893C65 /* Map_GeofencingTests.swift */,
				CF76A1771FA9216000893C65 /* Info.plist */,
			);
			path = Map_GeofencingTests;
			sourceTree = "<group>";
		};
		CF76A17F1FA9216000893C65 /* Map_GeofencingUITests */ = {
			isa = PBXGroup;
			children = (
				CF76A1801FA9216000893C65 /* Map_GeofencingUITests.swift */,
				CF76A1821FA9216000893C65 /* Info.plist */,
			);
			path = Map_GeofencingUITests;
			sourceTree = "<group>";
		};
		CF76A18E1FA92B3A00893C65 /* Supporting Files */ = {
			isa = PBXGroup;
			children = (
				CF76A16C1FA9216000893C65 /* Info.plist */,
				CF97BEDD1FCDD67500E9931C /* style.json */,
			);
			path = "Supporting Files";
			sourceTree = "<group>";
		};
		CF76A18F1FA92B4400893C65 /* ViewControllers */ = {
			isa = PBXGroup;
			children = (
				CF4FB24F1FD1215D00CC885E /* MapViewController.swift */,
				CF97BEE11FCDEA7300E9931C /* PlantTableViewController.swift */,
				CF97BEE91FCDFFB100E9931C /* DetailViewController.swift */,
				CF4FB23B1FCE9E9A00CC885E /* FavoriteViewController.swift */,
				CF4FB23D1FCE9EF000CC885E /* ProfileViewController.swift */,
			);
			path = ViewControllers;
			sourceTree = "<group>";
		};
		CF76A1901FA92B6300893C65 /* Assets */ = {
			isa = PBXGroup;
			children = (
				CF76A1911FA92B7F00893C65 /* Default-568h@2x.png */,
				CF97BEE71FCDF75B00E9931C /* Assets.xcassets */,
			);
			path = Assets;
			sourceTree = "<group>";
		};
		CFD3C24B1FD7BAA80084637B /* ModelControllers */ = {
			isa = PBXGroup;
			children = (
				CFD3C24C1FD7BAE20084637B /* PhotoStore.swift */,
			);
			name = ModelControllers;
			sourceTree = "<group>";
		};
		CFD3C26A1FDD09A90084637B /* Favorite Table View Cell */ = {
			isa = PBXGroup;
			children = (
				CF4FB2531FD2816B00CC885E /* FavoriteTableViewCell.swift */,
			);
			name = "Favorite Table View Cell";
			sourceTree = "<group>";
		};
		CFD3C26B1FDD09F90084637B /* Views */ = {
			isa = PBXGroup;
			children = (
				CFD3C2891FDF36450084637B /* Plant Table View Cell */,
				CFD3C2881FDF36180084637B /* Detail Table View Cells */,
				CFD3C26A1FDD09A90084637B /* Favorite Table View Cell */,
				CFD3C26C1FDD0A320084637B /* Profile Table View Cells */,
			);
			name = Views;
			sourceTree = "<group>";
		};
		CFD3C26C1FDD0A320084637B /* Profile Table View Cells */ = {
			isa = PBXGroup;
			children = (
			);
			name = "Profile Table View Cells";
			sourceTree = "<group>";
		};
		CFD3C26E1FDD0B120084637B /* Storyboards */ = {
			isa = PBXGroup;
			children = (
				CF76A1641FA9216000893C65 /* Main.storyboard */,
				CF76A1691FA9216000893C65 /* LaunchScreen.storyboard */,
			);
			name = Storyboards;
			sourceTree = "<group>";
		};
		CFD3C2771FDE3A5E0084637B /* PlantViewModel */ = {
			isa = PBXGroup;
			children = (
				CFD3C2781FDE3A7A0084637B /* PlantViewModel.swift */,
			);
			name = PlantViewModel;
			sourceTree = "<group>";
		};
		CFD3C2881FDF36180084637B /* Detail Table View Cells */ = {
			isa = PBXGroup;
			children = (
				CF369D251FE0A8B10064E251 /* HeaderView.swift */,
				CF369D291FE0A9630064E251 /* HeaderView.xib */,
				CFD3C27A1FDE48500084637B /* PlantPhotosTableViewCell.swift */,
				CFD3C27B1FDE48500084637B /* PlantPhotosTableViewCell.xib */,
				CFD3C26F1FDD0C7C0084637B /* PlantNameTableViewCell.swift */,
				CFD3C2701FDD0C7C0084637B /* PlantNameTableViewCell.xib */,
				CFD3C2731FDD1B970084637B /* PlantPropertiesTableViewCell.swift */,
				CFD3C2741FDD1B970084637B /* PlantPropertiesTableViewCell.xib */,
			);
			name = "Detail Table View Cells";
			sourceTree = "<group>";
		};
		CFD3C2891FDF36450084637B /* Plant Table View Cell */ = {
			isa = PBXGroup;
			children = (
				CF97BEE31FCDEEA000E9931C /* PlantTableViewCell.swift */,
			);
			name = "Plant Table View Cell";
			sourceTree = "<group>";
		};
		D27A09E2DC0ACB93178F2DF2 /* Frameworks */ = {
			isa = PBXGroup;
			children = (
				6067150AAF7D6545134DE17A /* Pods_Map_Geofencing.framework */,
				247BD9A1F272140DB7822364 /* Pods_Map_GeofencingTests.framework */,
				89734ED9005D0350BFC9A3FC /* Pods_Map_GeofencingUITests.framework */,
			);
			name = Frameworks;
			sourceTree = "<group>";
		};
/* End PBXGroup section */

/* Begin PBXNativeTarget section */
		CF76A15C1FA9216000893C65 /* Map_Geofencing */ = {
			isa = PBXNativeTarget;
			buildConfigurationList = CF76A1851FA9216000893C65 /* Build configuration list for PBXNativeTarget "Map_Geofencing" */;
			buildPhases = (
				3824EF8FEBF010F309A265AC /* [CP] Check Pods Manifest.lock */,
				CF76A1591FA9216000893C65 /* Sources */,
				CF76A15A1FA9216000893C65 /* Frameworks */,
				CF76A15B1FA9216000893C65 /* Resources */,
				276ADBE1C8C627BF8B215068 /* [CP] Embed Pods Frameworks */,
				BD5530FB56B08FA6C782544D /* [CP] Copy Pods Resources */,
			);
			buildRules = (
			);
			dependencies = (
			);
			name = Map_Geofencing;
			productName = Map_Geofencing;
			productReference = CF76A15D1FA9216000893C65 /* Map_Geofencing.app */;
			productType = "com.apple.product-type.application";
		};
		CF76A1701FA9216000893C65 /* Map_GeofencingTests */ = {
			isa = PBXNativeTarget;
			buildConfigurationList = CF76A1881FA9216000893C65 /* Build configuration list for PBXNativeTarget "Map_GeofencingTests" */;
			buildPhases = (
				BB01EB325ADD12BB322BF58F /* [CP] Check Pods Manifest.lock */,
				CF76A16D1FA9216000893C65 /* Sources */,
				CF76A16E1FA9216000893C65 /* Frameworks */,
				CF76A16F1FA9216000893C65 /* Resources */,
				E15C5FC0473C1B63C3F656DB /* [CP] Embed Pods Frameworks */,
				D1DC4465AA35B8C6C7102C48 /* [CP] Copy Pods Resources */,
			);
			buildRules = (
			);
			dependencies = (
				CF76A1731FA9216000893C65 /* PBXTargetDependency */,
			);
			name = Map_GeofencingTests;
			productName = Map_GeofencingTests;
			productReference = CF76A1711FA9216000893C65 /* Map_GeofencingTests.xctest */;
			productType = "com.apple.product-type.bundle.unit-test";
		};
		CF76A17B1FA9216000893C65 /* Map_GeofencingUITests */ = {
			isa = PBXNativeTarget;
			buildConfigurationList = CF76A18B1FA9216000893C65 /* Build configuration list for PBXNativeTarget "Map_GeofencingUITests" */;
			buildPhases = (
				FF33E1317D7941A5B44AF9A2 /* [CP] Check Pods Manifest.lock */,
				CF76A1781FA9216000893C65 /* Sources */,
				CF76A1791FA9216000893C65 /* Frameworks */,
				CF76A17A1FA9216000893C65 /* Resources */,
				4B308DCBC57F38059174AC0D /* [CP] Embed Pods Frameworks */,
				57E9B5A27B5D1770BF1E3E4E /* [CP] Copy Pods Resources */,
			);
			buildRules = (
			);
			dependencies = (
				CF76A17E1FA9216000893C65 /* PBXTargetDependency */,
			);
			name = Map_GeofencingUITests;
			productName = Map_GeofencingUITests;
			productReference = CF76A17C1FA9216000893C65 /* Map_GeofencingUITests.xctest */;
			productType = "com.apple.product-type.bundle.ui-testing";
		};
/* End PBXNativeTarget section */

/* Begin PBXProject section */
		CF76A1551FA9215F00893C65 /* Project object */ = {
			isa = PBXProject;
			attributes = {
				LastSwiftUpdateCheck = 0900;
				LastUpgradeCheck = 0900;
				ORGANIZATIONNAME = YTK;
				TargetAttributes = {
					CF76A15C1FA9216000893C65 = {
						CreatedOnToolsVersion = 9.0.1;
						ProvisioningStyle = Automatic;
					};
					CF76A1701FA9216000893C65 = {
						CreatedOnToolsVersion = 9.0.1;
						ProvisioningStyle = Automatic;
						TestTargetID = CF76A15C1FA9216000893C65;
					};
					CF76A17B1FA9216000893C65 = {
						CreatedOnToolsVersion = 9.0.1;
						ProvisioningStyle = Automatic;
						TestTargetID = CF76A15C1FA9216000893C65;
					};
				};
			};
			buildConfigurationList = CF76A1581FA9215F00893C65 /* Build configuration list for PBXProject "Map_Geofencing" */;
			compatibilityVersion = "Xcode 8.0";
			developmentRegion = en;
			hasScannedForEncodings = 0;
			knownRegions = (
				en,
				Base,
			);
			mainGroup = CF76A1541FA9215F00893C65;
			productRefGroup = CF76A15E1FA9216000893C65 /* Products */;
			projectDirPath = "";
			projectRoot = "";
			targets = (
				CF76A15C1FA9216000893C65 /* Map_Geofencing */,
				CF76A1701FA9216000893C65 /* Map_GeofencingTests */,
				CF76A17B1FA9216000893C65 /* Map_GeofencingUITests */,
			);
		};
/* End PBXProject section */

/* Begin PBXResourcesBuildPhase section */
		CF76A15B1FA9216000893C65 /* Resources */ = {
			isa = PBXResourcesBuildPhase;
			buildActionMask = 2147483647;
			files = (
				CFD3C2721FDD0C7C0084637B /* PlantNameTableViewCell.xib in Resources */,
				CFD3C2761FDD1B970084637B /* PlantPropertiesTableViewCell.xib in Resources */,
				CF369D2A1FE0A9630064E251 /* HeaderView.xib in Resources */,
				CFD3C27D1FDE48500084637B /* PlantPhotosTableViewCell.xib in Resources */,
				CF76A16B1FA9216000893C65 /* LaunchScreen.storyboard in Resources */,
				CF76A1921FA92B7F00893C65 /* Default-568h@2x.png in Resources */,
				CF97BEDE1FCDD67500E9931C /* style.json in Resources */,
				CF76A1661FA9216000893C65 /* Main.storyboard in Resources */,
				CF4FB2421FCFB48D00CC885E /* seed.json in Resources */,
				CF97BEE81FCDF75B00E9931C /* Assets.xcassets in Resources */,
			);
			runOnlyForDeploymentPostprocessing = 0;
		};
		CF76A16F1FA9216000893C65 /* Resources */ = {
			isa = PBXResourcesBuildPhase;
			buildActionMask = 2147483647;
			files = (
			);
			runOnlyForDeploymentPostprocessing = 0;
		};
		CF76A17A1FA9216000893C65 /* Resources */ = {
			isa = PBXResourcesBuildPhase;
			buildActionMask = 2147483647;
			files = (
			);
			runOnlyForDeploymentPostprocessing = 0;
		};
/* End PBXResourcesBuildPhase section */

/* Begin PBXShellScriptBuildPhase section */
		276ADBE1C8C627BF8B215068 /* [CP] Embed Pods Frameworks */ = {
			isa = PBXShellScriptBuildPhase;
			buildActionMask = 2147483647;
			files = (
			);
			inputPaths = (
			);
			name = "[CP] Embed Pods Frameworks";
			outputPaths = (
			);
			runOnlyForDeploymentPostprocessing = 0;
			shellPath = /bin/sh;
			shellScript = "\"${SRCROOT}/Pods/Target Support Files/Pods-Map_Geofencing/Pods-Map_Geofencing-frameworks.sh\"\n";
			showEnvVarsInLog = 0;
		};
		3824EF8FEBF010F309A265AC /* [CP] Check Pods Manifest.lock */ = {
			isa = PBXShellScriptBuildPhase;
			buildActionMask = 2147483647;
			files = (
			);
			inputPaths = (
			);
			name = "[CP] Check Pods Manifest.lock";
			outputPaths = (
			);
			runOnlyForDeploymentPostprocessing = 0;
			shellPath = /bin/sh;
			shellScript = "diff \"${PODS_PODFILE_DIR_PATH}/Podfile.lock\" \"${PODS_ROOT}/Manifest.lock\" > /dev/null\nif [ $? != 0 ] ; then\n    # print error to STDERR\n    echo \"error: The sandbox is not in sync with the Podfile.lock. Run 'pod install' or update your CocoaPods installation.\" >&2\n    exit 1\nfi\n";
			showEnvVarsInLog = 0;
		};
		4B308DCBC57F38059174AC0D /* [CP] Embed Pods Frameworks */ = {
			isa = PBXShellScriptBuildPhase;
			buildActionMask = 2147483647;
			files = (
			);
			inputPaths = (
			);
			name = "[CP] Embed Pods Frameworks";
			outputPaths = (
			);
			runOnlyForDeploymentPostprocessing = 0;
			shellPath = /bin/sh;
			shellScript = "\"${SRCROOT}/Pods/Target Support Files/Pods-Map_GeofencingUITests/Pods-Map_GeofencingUITests-frameworks.sh\"\n";
			showEnvVarsInLog = 0;
		};
		57E9B5A27B5D1770BF1E3E4E /* [CP] Copy Pods Resources */ = {
			isa = PBXShellScriptBuildPhase;
			buildActionMask = 2147483647;
			files = (
			);
			inputPaths = (
			);
			name = "[CP] Copy Pods Resources";
			outputPaths = (
			);
			runOnlyForDeploymentPostprocessing = 0;
			shellPath = /bin/sh;
			shellScript = "\"${SRCROOT}/Pods/Target Support Files/Pods-Map_GeofencingUITests/Pods-Map_GeofencingUITests-resources.sh\"\n";
			showEnvVarsInLog = 0;
		};
		BB01EB325ADD12BB322BF58F /* [CP] Check Pods Manifest.lock */ = {
			isa = PBXShellScriptBuildPhase;
			buildActionMask = 2147483647;
			files = (
			);
			inputPaths = (
			);
			name = "[CP] Check Pods Manifest.lock";
			outputPaths = (
			);
			runOnlyForDeploymentPostprocessing = 0;
			shellPath = /bin/sh;
			shellScript = "diff \"${PODS_PODFILE_DIR_PATH}/Podfile.lock\" \"${PODS_ROOT}/Manifest.lock\" > /dev/null\nif [ $? != 0 ] ; then\n    # print error to STDERR\n    echo \"error: The sandbox is not in sync with the Podfile.lock. Run 'pod install' or update your CocoaPods installation.\" >&2\n    exit 1\nfi\n";
			showEnvVarsInLog = 0;
		};
		BD5530FB56B08FA6C782544D /* [CP] Copy Pods Resources */ = {
			isa = PBXShellScriptBuildPhase;
			buildActionMask = 2147483647;
			files = (
			);
			inputPaths = (
			);
			name = "[CP] Copy Pods Resources";
			outputPaths = (
			);
			runOnlyForDeploymentPostprocessing = 0;
			shellPath = /bin/sh;
			shellScript = "\"${SRCROOT}/Pods/Target Support Files/Pods-Map_Geofencing/Pods-Map_Geofencing-resources.sh\"\n";
			showEnvVarsInLog = 0;
		};
		D1DC4465AA35B8C6C7102C48 /* [CP] Copy Pods Resources */ = {
			isa = PBXShellScriptBuildPhase;
			buildActionMask = 2147483647;
			files = (
			);
			inputPaths = (
			);
			name = "[CP] Copy Pods Resources";
			outputPaths = (
			);
			runOnlyForDeploymentPostprocessing = 0;
			shellPath = /bin/sh;
			shellScript = "\"${SRCROOT}/Pods/Target Support Files/Pods-Map_GeofencingTests/Pods-Map_GeofencingTests-resources.sh\"\n";
			showEnvVarsInLog = 0;
		};
		E15C5FC0473C1B63C3F656DB /* [CP] Embed Pods Frameworks */ = {
			isa = PBXShellScriptBuildPhase;
			buildActionMask = 2147483647;
			files = (
			);
			inputPaths = (
			);
			name = "[CP] Embed Pods Frameworks";
			outputPaths = (
			);
			runOnlyForDeploymentPostprocessing = 0;
			shellPath = /bin/sh;
			shellScript = "\"${SRCROOT}/Pods/Target Support Files/Pods-Map_GeofencingTests/Pods-Map_GeofencingTests-frameworks.sh\"\n";
			showEnvVarsInLog = 0;
		};
		FF33E1317D7941A5B44AF9A2 /* [CP] Check Pods Manifest.lock */ = {
			isa = PBXShellScriptBuildPhase;
			buildActionMask = 2147483647;
			files = (
			);
			inputPaths = (
			);
			name = "[CP] Check Pods Manifest.lock";
			outputPaths = (
			);
			runOnlyForDeploymentPostprocessing = 0;
			shellPath = /bin/sh;
			shellScript = "diff \"${PODS_PODFILE_DIR_PATH}/Podfile.lock\" \"${PODS_ROOT}/Manifest.lock\" > /dev/null\nif [ $? != 0 ] ; then\n    # print error to STDERR\n    echo \"error: The sandbox is not in sync with the Podfile.lock. Run 'pod install' or update your CocoaPods installation.\" >&2\n    exit 1\nfi\n";
			showEnvVarsInLog = 0;
		};
/* End PBXShellScriptBuildPhase section */

/* Begin PBXSourcesBuildPhase section */
		CF76A1591FA9216000893C65 /* Sources */ = {
			isa = PBXSourcesBuildPhase;
			buildActionMask = 2147483647;
			files = (
				CFE592AA1FDF4C9D00F0BBE2 /* Photo+CoreDataClass.swift in Sources */,
				CFD3C27C1FDE48500084637B /* PlantPhotosTableViewCell.swift in Sources */,
				CF97BEE41FCDEEA000E9931C /* PlantTableViewCell.swift in Sources */,
				CFE592AD1FDF4C9D00F0BBE2 /* Plant+CoreDataProperties.swift in Sources */,
				CFD3C2791FDE3A7A0084637B /* PlantViewModel.swift in Sources */,
				CFD3C2711FDD0C7C0084637B /* PlantNameTableViewCell.swift in Sources */,
				CF97BEEA1FCDFFB100E9931C /* DetailViewController.swift in Sources */,
				CF369D261FE0A8B10064E251 /* HeaderView.swift in Sources */,
				CFD3C2751FDD1B970084637B /* PlantPropertiesTableViewCell.swift in Sources */,
				CFD3C24D1FD7BAE20084637B /* PhotoStore.swift in Sources */,
				CF97BEE21FCDEA7300E9931C /* PlantTableViewController.swift in Sources */,
				CFE592A91FDF4C9D00F0BBE2 /* User+CoreDataProperties.swift in Sources */,
				CFE592A81FDF4C9D00F0BBE2 /* User+CoreDataClass.swift in Sources */,
				CF76A1611FA9216000893C65 /* AppDelegate.swift in Sources */,
				CF4FB2541FD2816B00CC885E /* FavoriteTableViewCell.swift in Sources */,
				CF4FB23E1FCE9EF000CC885E /* ProfileViewController.swift in Sources */,
				CF4FB23C1FCE9E9A00CC885E /* FavoriteViewController.swift in Sources */,
				CFE592AC1FDF4C9D00F0BBE2 /* Plant+CoreDataClass.swift in Sources */,
				CF4FB2501FD1215D00CC885E /* MapViewController.swift in Sources */,
				CFE592AB1FDF4C9D00F0BBE2 /* Photo+CoreDataProperties.swift in Sources */,
				CF4FB23A1FCE545E00CC885E /* SFBG.xcdatamodeld in Sources */,
			);
			runOnlyForDeploymentPostprocessing = 0;
		};
		CF76A16D1FA9216000893C65 /* Sources */ = {
			isa = PBXSourcesBuildPhase;
			buildActionMask = 2147483647;
			files = (
				CF76A1761FA9216000893C65 /* Map_GeofencingTests.swift in Sources */,
			);
			runOnlyForDeploymentPostprocessing = 0;
		};
		CF76A1781FA9216000893C65 /* Sources */ = {
			isa = PBXSourcesBuildPhase;
			buildActionMask = 2147483647;
			files = (
				CF76A1811FA9216000893C65 /* Map_GeofencingUITests.swift in Sources */,
			);
			runOnlyForDeploymentPostprocessing = 0;
		};
/* End PBXSourcesBuildPhase section */

/* Begin PBXTargetDependency section */
		CF76A1731FA9216000893C65 /* PBXTargetDependency */ = {
			isa = PBXTargetDependency;
			target = CF76A15C1FA9216000893C65 /* Map_Geofencing */;
			targetProxy = CF76A1721FA9216000893C65 /* PBXContainerItemProxy */;
		};
		CF76A17E1FA9216000893C65 /* PBXTargetDependency */ = {
			isa = PBXTargetDependency;
			target = CF76A15C1FA9216000893C65 /* Map_Geofencing */;
			targetProxy = CF76A17D1FA9216000893C65 /* PBXContainerItemProxy */;
		};
/* End PBXTargetDependency section */

/* Begin PBXVariantGroup section */
		CF76A1641FA9216000893C65 /* Main.storyboard */ = {
			isa = PBXVariantGroup;
			children = (
				CF76A1651FA9216000893C65 /* Base */,
			);
			name = Main.storyboard;
			path = Assets;
			sourceTree = "<group>";
		};
		CF76A1691FA9216000893C65 /* LaunchScreen.storyboard */ = {
			isa = PBXVariantGroup;
			children = (
				CF76A16A1FA9216000893C65 /* Base */,
			);
			name = LaunchScreen.storyboard;
			path = Assets;
			sourceTree = "<group>";
		};
/* End PBXVariantGroup section */

/* Begin XCBuildConfiguration section */
		CF76A1831FA9216000893C65 /* Debug */ = {
			isa = XCBuildConfiguration;
			buildSettings = {
				ALWAYS_SEARCH_USER_PATHS = NO;
				CLANG_ANALYZER_NONNULL = YES;
				CLANG_ANALYZER_NUMBER_OBJECT_CONVERSION = YES_AGGRESSIVE;
				CLANG_CXX_LANGUAGE_STANDARD = "gnu++14";
				CLANG_CXX_LIBRARY = "libc++";
				CLANG_ENABLE_MODULES = YES;
				CLANG_ENABLE_OBJC_ARC = YES;
				CLANG_WARN_BLOCK_CAPTURE_AUTORELEASING = YES;
				CLANG_WARN_BOOL_CONVERSION = YES;
				CLANG_WARN_COMMA = YES;
				CLANG_WARN_CONSTANT_CONVERSION = YES;
				CLANG_WARN_DIRECT_OBJC_ISA_USAGE = YES_ERROR;
				CLANG_WARN_DOCUMENTATION_COMMENTS = YES;
				CLANG_WARN_EMPTY_BODY = YES;
				CLANG_WARN_ENUM_CONVERSION = YES;
				CLANG_WARN_INFINITE_RECURSION = YES;
				CLANG_WARN_INT_CONVERSION = YES;
				CLANG_WARN_NON_LITERAL_NULL_CONVERSION = YES;
				CLANG_WARN_OBJC_LITERAL_CONVERSION = YES;
				CLANG_WARN_OBJC_ROOT_CLASS = YES_ERROR;
				CLANG_WARN_RANGE_LOOP_ANALYSIS = YES;
				CLANG_WARN_STRICT_PROTOTYPES = YES;
				CLANG_WARN_SUSPICIOUS_MOVE = YES;
				CLANG_WARN_UNGUARDED_AVAILABILITY = YES_AGGRESSIVE;
				CLANG_WARN_UNREACHABLE_CODE = YES;
				CLANG_WARN__DUPLICATE_METHOD_MATCH = YES;
				CODE_SIGN_IDENTITY = "iPhone Developer";
				COPY_PHASE_STRIP = NO;
				DEBUG_INFORMATION_FORMAT = dwarf;
				ENABLE_STRICT_OBJC_MSGSEND = YES;
				ENABLE_TESTABILITY = YES;
				GCC_C_LANGUAGE_STANDARD = gnu11;
				GCC_DYNAMIC_NO_PIC = NO;
				GCC_NO_COMMON_BLOCKS = YES;
				GCC_OPTIMIZATION_LEVEL = 0;
				GCC_PREPROCESSOR_DEFINITIONS = (
					"DEBUG=1",
					"$(inherited)",
				);
				GCC_WARN_64_TO_32_BIT_CONVERSION = YES;
				GCC_WARN_ABOUT_RETURN_TYPE = YES_ERROR;
				GCC_WARN_UNDECLARED_SELECTOR = YES;
				GCC_WARN_UNINITIALIZED_AUTOS = YES_AGGRESSIVE;
				GCC_WARN_UNUSED_FUNCTION = YES;
				GCC_WARN_UNUSED_VARIABLE = YES;
				IPHONEOS_DEPLOYMENT_TARGET = 11.0;
				MTL_ENABLE_DEBUG_INFO = YES;
				ONLY_ACTIVE_ARCH = YES;
				SDKROOT = iphoneos;
				SWIFT_ACTIVE_COMPILATION_CONDITIONS = DEBUG;
				SWIFT_OPTIMIZATION_LEVEL = "-Onone";
			};
			name = Debug;
		};
		CF76A1841FA9216000893C65 /* Release */ = {
			isa = XCBuildConfiguration;
			buildSettings = {
				ALWAYS_SEARCH_USER_PATHS = NO;
				CLANG_ANALYZER_NONNULL = YES;
				CLANG_ANALYZER_NUMBER_OBJECT_CONVERSION = YES_AGGRESSIVE;
				CLANG_CXX_LANGUAGE_STANDARD = "gnu++14";
				CLANG_CXX_LIBRARY = "libc++";
				CLANG_ENABLE_MODULES = YES;
				CLANG_ENABLE_OBJC_ARC = YES;
				CLANG_WARN_BLOCK_CAPTURE_AUTORELEASING = YES;
				CLANG_WARN_BOOL_CONVERSION = YES;
				CLANG_WARN_COMMA = YES;
				CLANG_WARN_CONSTANT_CONVERSION = YES;
				CLANG_WARN_DIRECT_OBJC_ISA_USAGE = YES_ERROR;
				CLANG_WARN_DOCUMENTATION_COMMENTS = YES;
				CLANG_WARN_EMPTY_BODY = YES;
				CLANG_WARN_ENUM_CONVERSION = YES;
				CLANG_WARN_INFINITE_RECURSION = YES;
				CLANG_WARN_INT_CONVERSION = YES;
				CLANG_WARN_NON_LITERAL_NULL_CONVERSION = YES;
				CLANG_WARN_OBJC_LITERAL_CONVERSION = YES;
				CLANG_WARN_OBJC_ROOT_CLASS = YES_ERROR;
				CLANG_WARN_RANGE_LOOP_ANALYSIS = YES;
				CLANG_WARN_STRICT_PROTOTYPES = YES;
				CLANG_WARN_SUSPICIOUS_MOVE = YES;
				CLANG_WARN_UNGUARDED_AVAILABILITY = YES_AGGRESSIVE;
				CLANG_WARN_UNREACHABLE_CODE = YES;
				CLANG_WARN__DUPLICATE_METHOD_MATCH = YES;
				CODE_SIGN_IDENTITY = "iPhone Developer";
				COPY_PHASE_STRIP = NO;
				DEBUG_INFORMATION_FORMAT = "dwarf-with-dsym";
				ENABLE_NS_ASSERTIONS = NO;
				ENABLE_STRICT_OBJC_MSGSEND = YES;
				GCC_C_LANGUAGE_STANDARD = gnu11;
				GCC_NO_COMMON_BLOCKS = YES;
				GCC_WARN_64_TO_32_BIT_CONVERSION = YES;
				GCC_WARN_ABOUT_RETURN_TYPE = YES_ERROR;
				GCC_WARN_UNDECLARED_SELECTOR = YES;
				GCC_WARN_UNINITIALIZED_AUTOS = YES_AGGRESSIVE;
				GCC_WARN_UNUSED_FUNCTION = YES;
				GCC_WARN_UNUSED_VARIABLE = YES;
				IPHONEOS_DEPLOYMENT_TARGET = 11.0;
				MTL_ENABLE_DEBUG_INFO = NO;
				SDKROOT = iphoneos;
				SWIFT_OPTIMIZATION_LEVEL = "-Owholemodule";
				VALIDATE_PRODUCT = YES;
			};
			name = Release;
		};
		CF76A1861FA9216000893C65 /* Debug */ = {
			isa = XCBuildConfiguration;
			baseConfigurationReference = 31BE1C5E7C7C5310182497BE /* Pods-Map_Geofencing.debug.xcconfig */;
			buildSettings = {
				ASSETCATALOG_COMPILER_APPICON_NAME = AppIcon;
				CODE_SIGN_STYLE = Automatic;
				DEVELOPMENT_TEAM = TVHJ8VSCRK;
				INFOPLIST_FILE = "$(SRCROOT)/Map_Geofencing/Supporting Files/Info.plist";
				IPHONEOS_DEPLOYMENT_TARGET = 10.3;
				LD_RUNPATH_SEARCH_PATHS = "$(inherited) @executable_path/Frameworks";
				PRODUCT_BUNDLE_IDENTIFIER = "com.ytk.Map-Geofencing";
				PRODUCT_NAME = "$(TARGET_NAME)";
				SWIFT_VERSION = 3.0;
				TARGETED_DEVICE_FAMILY = "1,2";
			};
			name = Debug;
		};
		CF76A1871FA9216000893C65 /* Release */ = {
			isa = XCBuildConfiguration;
			baseConfigurationReference = 64749C65EF8459BEF4CA9131 /* Pods-Map_Geofencing.release.xcconfig */;
			buildSettings = {
				ASSETCATALOG_COMPILER_APPICON_NAME = AppIcon;
				CODE_SIGN_STYLE = Automatic;
				DEVELOPMENT_TEAM = TVHJ8VSCRK;
				INFOPLIST_FILE = "$(SRCROOT)/Map_Geofencing/Supporting Files/Info.plist";
				IPHONEOS_DEPLOYMENT_TARGET = 10.3;
				LD_RUNPATH_SEARCH_PATHS = "$(inherited) @executable_path/Frameworks";
				PRODUCT_BUNDLE_IDENTIFIER = "com.ytk.Map-Geofencing";
				PRODUCT_NAME = "$(TARGET_NAME)";
				SWIFT_VERSION = 3.0;
				TARGETED_DEVICE_FAMILY = "1,2";
			};
			name = Release;
		};
		CF76A1891FA9216000893C65 /* Debug */ = {
			isa = XCBuildConfiguration;
			baseConfigurationReference = B8EF0CF4BBDB2906C3471125 /* Pods-Map_GeofencingTests.debug.xcconfig */;
			buildSettings = {
				ALWAYS_EMBED_SWIFT_STANDARD_LIBRARIES = YES;
				BUNDLE_LOADER = "$(TEST_HOST)";
				CODE_SIGN_STYLE = Automatic;
				DEVELOPMENT_TEAM = TVHJ8VSCRK;
				INFOPLIST_FILE = Map_GeofencingTests/Info.plist;
				IPHONEOS_DEPLOYMENT_TARGET = 10.3;
				LD_RUNPATH_SEARCH_PATHS = "$(inherited) @executable_path/Frameworks @loader_path/Frameworks";
				PRODUCT_BUNDLE_IDENTIFIER = "com.ytk.Map-GeofencingTests";
				PRODUCT_NAME = "$(TARGET_NAME)";
				SWIFT_VERSION = 3.0;
				TARGETED_DEVICE_FAMILY = "1,2";
				TEST_HOST = "$(BUILT_PRODUCTS_DIR)/Map_Geofencing.app/Map_Geofencing";
			};
			name = Debug;
		};
		CF76A18A1FA9216000893C65 /* Release */ = {
			isa = XCBuildConfiguration;
			baseConfigurationReference = 41086AFAD01C348A20E65FEB /* Pods-Map_GeofencingTests.release.xcconfig */;
			buildSettings = {
				ALWAYS_EMBED_SWIFT_STANDARD_LIBRARIES = YES;
				BUNDLE_LOADER = "$(TEST_HOST)";
				CODE_SIGN_STYLE = Automatic;
				DEVELOPMENT_TEAM = TVHJ8VSCRK;
				INFOPLIST_FILE = Map_GeofencingTests/Info.plist;
				IPHONEOS_DEPLOYMENT_TARGET = 10.3;
				LD_RUNPATH_SEARCH_PATHS = "$(inherited) @executable_path/Frameworks @loader_path/Frameworks";
				PRODUCT_BUNDLE_IDENTIFIER = "com.ytk.Map-GeofencingTests";
				PRODUCT_NAME = "$(TARGET_NAME)";
				SWIFT_VERSION = 3.0;
				TARGETED_DEVICE_FAMILY = "1,2";
				TEST_HOST = "$(BUILT_PRODUCTS_DIR)/Map_Geofencing.app/Map_Geofencing";
			};
			name = Release;
		};
		CF76A18C1FA9216000893C65 /* Debug */ = {
			isa = XCBuildConfiguration;
			baseConfigurationReference = F4729FEB26920090F10DFB1A /* Pods-Map_GeofencingUITests.debug.xcconfig */;
			buildSettings = {
				ALWAYS_EMBED_SWIFT_STANDARD_LIBRARIES = YES;
				CODE_SIGN_STYLE = Automatic;
				DEVELOPMENT_TEAM = TVHJ8VSCRK;
				INFOPLIST_FILE = Map_GeofencingUITests/Info.plist;
				IPHONEOS_DEPLOYMENT_TARGET = 10.3;
				LD_RUNPATH_SEARCH_PATHS = "$(inherited) @executable_path/Frameworks @loader_path/Frameworks";
				PRODUCT_BUNDLE_IDENTIFIER = "com.ytk.Map-GeofencingUITests";
				PRODUCT_NAME = "$(TARGET_NAME)";
				SWIFT_VERSION = 3.0;
				TARGETED_DEVICE_FAMILY = "1,2";
				TEST_TARGET_NAME = Map_Geofencing;
			};
			name = Debug;
		};
		CF76A18D1FA9216000893C65 /* Release */ = {
			isa = XCBuildConfiguration;
			baseConfigurationReference = 5ACE0610F24A9963DF58479B /* Pods-Map_GeofencingUITests.release.xcconfig */;
			buildSettings = {
				ALWAYS_EMBED_SWIFT_STANDARD_LIBRARIES = YES;
				CODE_SIGN_STYLE = Automatic;
				DEVELOPMENT_TEAM = TVHJ8VSCRK;
				INFOPLIST_FILE = Map_GeofencingUITests/Info.plist;
				IPHONEOS_DEPLOYMENT_TARGET = 10.3;
				LD_RUNPATH_SEARCH_PATHS = "$(inherited) @executable_path/Frameworks @loader_path/Frameworks";
				PRODUCT_BUNDLE_IDENTIFIER = "com.ytk.Map-GeofencingUITests";
				PRODUCT_NAME = "$(TARGET_NAME)";
				SWIFT_VERSION = 3.0;
				TARGETED_DEVICE_FAMILY = "1,2";
				TEST_TARGET_NAME = Map_Geofencing;
			};
			name = Release;
		};
/* End XCBuildConfiguration section */

/* Begin XCConfigurationList section */
		CF76A1581FA9215F00893C65 /* Build configuration list for PBXProject "Map_Geofencing" */ = {
			isa = XCConfigurationList;
			buildConfigurations = (
				CF76A1831FA9216000893C65 /* Debug */,
				CF76A1841FA9216000893C65 /* Release */,
			);
			defaultConfigurationIsVisible = 0;
			defaultConfigurationName = Release;
		};
		CF76A1851FA9216000893C65 /* Build configuration list for PBXNativeTarget "Map_Geofencing" */ = {
			isa = XCConfigurationList;
			buildConfigurations = (
				CF76A1861FA9216000893C65 /* Debug */,
				CF76A1871FA9216000893C65 /* Release */,
			);
			defaultConfigurationIsVisible = 0;
			defaultConfigurationName = Release;
		};
		CF76A1881FA9216000893C65 /* Build configuration list for PBXNativeTarget "Map_GeofencingTests" */ = {
			isa = XCConfigurationList;
			buildConfigurations = (
				CF76A1891FA9216000893C65 /* Debug */,
				CF76A18A1FA9216000893C65 /* Release */,
			);
			defaultConfigurationIsVisible = 0;
			defaultConfigurationName = Release;
		};
		CF76A18B1FA9216000893C65 /* Build configuration list for PBXNativeTarget "Map_GeofencingUITests" */ = {
			isa = XCConfigurationList;
			buildConfigurations = (
				CF76A18C1FA9216000893C65 /* Debug */,
				CF76A18D1FA9216000893C65 /* Release */,
			);
			defaultConfigurationIsVisible = 0;
			defaultConfigurationName = Release;
		};
/* End XCConfigurationList section */

/* Begin XCVersionGroup section */
		CF4FB2381FCE545E00CC885E /* SFBG.xcdatamodeld */ = {
			isa = XCVersionGroup;
			children = (
				CFE592A11FDF4A5100F0BBE2 /* SFBG 5.xcdatamodel */,
				CFD3C25D1FD908FB0084637B /* SFBG 4.xcdatamodel */,
				CFD3C2501FD8C68B0084637B /* SFBG 3.xcdatamodel */,
				CFD3C24E1FD7BCF00084637B /* SFBG 2.xcdatamodel */,
				CF4FB2391FCE545E00CC885E /* SFBG.xcdatamodel */,
			);
			currentVersion = CFE592A11FDF4A5100F0BBE2 /* SFBG 5.xcdatamodel */;
			path = SFBG.xcdatamodeld;
			sourceTree = "<group>";
			versionGroupType = wrapper.xcdatamodel;
		};
/* End XCVersionGroup section */
	};
	rootObject = CF76A1551FA9215F00893C65 /* Project object */;
}
